// !$*UTF8*$!
{
	archiveVersion = 1;
	classes = {
	};
	objectVersion = 77;
	objects = {

/* Begin PBXBuildFile section */
		02E414E4260E00D45CFE0D53 /* ConnectorType.swift in Sources */ = {isa = PBXBuildFile; fileRef = A99D2F4D1712B6D857F56AD8 /* ConnectorType.swift */; };
		07D6FB38F86A3B025BE417E2 /* HabitsListView.swift in Sources */ = {isa = PBXBuildFile; fileRef = 45C2E89F7F834BE708096D83 /* HabitsListView.swift */; };
		0C49E84A1CF7A2248B8B2271 /* Habit.swift in Sources */ = {isa = PBXBuildFile; fileRef = 110F5754CB4619F00A1A80A0 /* Habit.swift */; };
		162F639ABE048566AE02F160 /* HabitEntry.swift in Sources */ = {isa = PBXBuildFile; fileRef = D4345F3E550C04591B8C6B1B /* HabitEntry.swift */; };
		2172722A434DA9B47AC663B0 /* HabitEntry.swift in Sources */ = {isa = PBXBuildFile; fileRef = D4345F3E550C04591B8C6B1B /* HabitEntry.swift */; };
		24784AB651DB520BAE6DDD31 /* TodayView.swift in Sources */ = {isa = PBXBuildFile; fileRef = 11F38515D1EABCAD1F6E1A0D /* TodayView.swift */; };
		2533CABDA298F34B65976C54 /* AddHabitView.swift in Sources */ = {isa = PBXBuildFile; fileRef = CA2D7E16DE667BEAD2F11886 /* AddHabitView.swift */; };
		2966F1D7016AA10CA0C02B2A /* HabitScheduler.swift in Sources */ = {isa = PBXBuildFile; fileRef = 1C58575B30AEE70BDF869325 /* HabitScheduler.swift */; };
		2CA3FDEE3A53A0F3355101B8 /* EntryStatus.swift in Sources */ = {isa = PBXBuildFile; fileRef = D5CD78469ED48F29028392F3 /* EntryStatus.swift */; };
		2FB65D7279DF644C72404A60 /* TodayView.swift in Sources */ = {isa = PBXBuildFile; fileRef = 11F38515D1EABCAD1F6E1A0D /* TodayView.swift */; };
		30E4A1341CA20AEE3FB49F62 /* HabitConnector.swift in Sources */ = {isa = PBXBuildFile; fileRef = 036A8817E1413F55AD514CC6 /* HabitConnector.swift */; };
		318F1AC8343C5602FF6F09A0 /* ChainTests.swift in Sources */ = {isa = PBXBuildFile; fileRef = DA1513C88D02180C028287D6 /* ChainTests.swift */; };
		415FCB6E3EB089DB166EEAFB /* ManualConnector.swift in Sources */ = {isa = PBXBuildFile; fileRef = 1BA1C4853B88DD383F5A5840 /* ManualConnector.swift */; };
		42B14D32397F2F36F381D790 /* GoalConfig.swift in Sources */ = {isa = PBXBuildFile; fileRef = FDBC1CD454387DFD7425E88B /* GoalConfig.swift */; };
		479A86F8D5FD07BDA1FA528D /* Frequency.swift in Sources */ = {isa = PBXBuildFile; fileRef = D6A278E9AA973FC96DC33966 /* Frequency.swift */; };
		4A2C44BA420DE21791E21035 /* HabitSchedulerTests.swift in Sources */ = {isa = PBXBuildFile; fileRef = 70DFAB81ED438401E84B2E1D /* HabitSchedulerTests.swift */; };
		577614009C90BBA9EDCFF61A /* HabitsListView.swift in Sources */ = {isa = PBXBuildFile; fileRef = 45C2E89F7F834BE708096D83 /* HabitsListView.swift */; };
		5EC31D61308280E974AC25A2 /* HabitRowView.swift in Sources */ = {isa = PBXBuildFile; fileRef = 0B6BB2EA74ECFF164EA7F790 /* HabitRowView.swift */; };
		5FF75336D7E21679816A5D99 /* GoalConfig.swift in Sources */ = {isa = PBXBuildFile; fileRef = FDBC1CD454387DFD7425E88B /* GoalConfig.swift */; };
		61C717506B4C440269EC0640 /* HabitScheduler.swift in Sources */ = {isa = PBXBuildFile; fileRef = 1C58575B30AEE70BDF869325 /* HabitScheduler.swift */; };
		68EA2B68F9BFBA5B38605A74 /* Assets.xcassets in Resources */ = {isa = PBXBuildFile; fileRef = 11A1CAA2B8678E83C6EE720B /* Assets.xcassets */; };
		6D10D01AC2E4B1B7D66227FF /* HabitConnector.swift in Sources */ = {isa = PBXBuildFile; fileRef = 036A8817E1413F55AD514CC6 /* HabitConnector.swift */; };
		6DC5194D3A6C357CCFF35377 /* ContentView.swift in Sources */ = {isa = PBXBuildFile; fileRef = 858C7BF1813A300F3D785B3F /* ContentView.swift */; };
		6F499542D723E7054338FADD /* ChainApp.swift in Sources */ = {isa = PBXBuildFile; fileRef = C4A1A5E64A16187982432F0F /* ChainApp.swift */; };
		6FDA8DD44BC684AD24B70FA3 /* HabitSchedulerTests.swift in Sources */ = {isa = PBXBuildFile; fileRef = 70DFAB81ED438401E84B2E1D /* HabitSchedulerTests.swift */; };
		7153038442E5791937ED39A1 /* ManualConnector.swift in Sources */ = {isa = PBXBuildFile; fileRef = 1BA1C4853B88DD383F5A5840 /* ManualConnector.swift */; };
		7851C9C5AC141AE57B4CC4CD /* ManualConnectorTests.swift in Sources */ = {isa = PBXBuildFile; fileRef = 50E2AF026A13B3693E06ECB9 /* ManualConnectorTests.swift */; };
		7E5EBCCB40F06EFE961E6CFE /* Habit.swift in Sources */ = {isa = PBXBuildFile; fileRef = 110F5754CB4619F00A1A80A0 /* Habit.swift */; };
		9258CB5F900A4C549A213FA4 /* EntryStatus.swift in Sources */ = {isa = PBXBuildFile; fileRef = D5CD78469ED48F29028392F3 /* EntryStatus.swift */; };
		9267FD8F09CFDF88B349E747 /* StreakCalculator.swift in Sources */ = {isa = PBXBuildFile; fileRef = 33F6B277E81ED80394B93E1F /* StreakCalculator.swift */; };
		9F0CAA7EA4F7F97D64BF7312 /* SettingsView.swift in Sources */ = {isa = PBXBuildFile; fileRef = 65D97B39FFB6037E1F589512 /* SettingsView.swift */; };
		A142C470C5F9CF61989643F1 /* SettingsView.swift in Sources */ = {isa = PBXBuildFile; fileRef = 65D97B39FFB6037E1F589512 /* SettingsView.swift */; };
		AB34549A84B4B776287E9047 /* ManualConnectorTests.swift in Sources */ = {isa = PBXBuildFile; fileRef = 50E2AF026A13B3693E06ECB9 /* ManualConnectorTests.swift */; };
		AC8476CC1F11D511CC92E468 /* ChainApp.swift in Sources */ = {isa = PBXBuildFile; fileRef = C4A1A5E64A16187982432F0F /* ChainApp.swift */; };
		AFB3106052635DCF7D69E17F /* Frequency.swift in Sources */ = {isa = PBXBuildFile; fileRef = D6A278E9AA973FC96DC33966 /* Frequency.swift */; };
		B23DAEB26A81B1393A1225B9 /* AddHabitView.swift in Sources */ = {isa = PBXBuildFile; fileRef = CA2D7E16DE667BEAD2F11886 /* AddHabitView.swift */; };
		B24A72073858D7B872E6286F /* HabitRowView.swift in Sources */ = {isa = PBXBuildFile; fileRef = 0B6BB2EA74ECFF164EA7F790 /* HabitRowView.swift */; };
		BE8372F3F63BB56CAAB2BA5F /* StreakCalculator.swift in Sources */ = {isa = PBXBuildFile; fileRef = 33F6B277E81ED80394B93E1F /* StreakCalculator.swift */; };
		C2E3E67A78CE5AAAAA347922 /* StreakCalculatorTests.swift in Sources */ = {isa = PBXBuildFile; fileRef = 73C91D72B20EC86EEE1D9494 /* StreakCalculatorTests.swift */; };
		C800C9EED3482DC05ED8AD49 /* StreakCalculatorTests.swift in Sources */ = {isa = PBXBuildFile; fileRef = 73C91D72B20EC86EEE1D9494 /* StreakCalculatorTests.swift */; };
		CFE54BD0306241C4B93A72FD /* ConnectorType.swift in Sources */ = {isa = PBXBuildFile; fileRef = A99D2F4D1712B6D857F56AD8 /* ConnectorType.swift */; };
		DEC1D84E8388783ACCA0F9B1 /* StatsView.swift in Sources */ = {isa = PBXBuildFile; fileRef = D85207EAA4E6BDDA34723068 /* StatsView.swift */; };
		DF1BB21651EE3228FDAFB7BC /* ChainTests.swift in Sources */ = {isa = PBXBuildFile; fileRef = DA1513C88D02180C028287D6 /* ChainTests.swift */; };
		F52ED1DF4017B03D853AA0ED /* StatsView.swift in Sources */ = {isa = PBXBuildFile; fileRef = D85207EAA4E6BDDA34723068 /* StatsView.swift */; };
		F635BFCA5370D1F0B7636709 /* Assets.xcassets in Resources */ = {isa = PBXBuildFile; fileRef = 11A1CAA2B8678E83C6EE720B /* Assets.xcassets */; };
		F9522A164EB3ED17D6428253 /* ContentView.swift in Sources */ = {isa = PBXBuildFile; fileRef = 858C7BF1813A300F3D785B3F /* ContentView.swift */; };
/* End PBXBuildFile section */

/* Begin PBXContainerItemProxy section */
		64C8F6CE0C630037597D7712 /* PBXContainerItemProxy */ = {
			isa = PBXContainerItemProxy;
			containerPortal = F2529367372772A2D2DEC3E6 /* Project object */;
			proxyType = 1;
			remoteGlobalIDString = 2F03B27938223B3F5D161CEE;
			remoteInfo = Chain_iOS;
		};
		C111F4755E09FF236AFCE555 /* PBXContainerItemProxy */ = {
			isa = PBXContainerItemProxy;
			containerPortal = F2529367372772A2D2DEC3E6 /* Project object */;
			proxyType = 1;
			remoteGlobalIDString = 98270F210CF5A3666A4FFC19;
			remoteInfo = Chain_macOS;
		};
/* End PBXContainerItemProxy section */

/* Begin PBXFileReference section */
		036A8817E1413F55AD514CC6 /* HabitConnector.swift */ = {isa = PBXFileReference; lastKnownFileType = sourcecode.swift; path = HabitConnector.swift; sourceTree = "<group>"; };
		0B6BB2EA74ECFF164EA7F790 /* HabitRowView.swift */ = {isa = PBXFileReference; lastKnownFileType = sourcecode.swift; path = HabitRowView.swift; sourceTree = "<group>"; };
		0DEA18CE42E07E855C930622 /* Info.plist */ = {isa = PBXFileReference; lastKnownFileType = text.plist; path = Info.plist; sourceTree = "<group>"; };
		103A5CC32213AFEE1B532101 /* ChainTests_iOS_Runner.xctest */ = {isa = PBXFileReference; includeInIndex = 0; lastKnownFileType = wrapper.cfbundle; path = ChainTests_iOS_Runner.xctest; sourceTree = BUILT_PRODUCTS_DIR; };
		110F5754CB4619F00A1A80A0 /* Habit.swift */ = {isa = PBXFileReference; lastKnownFileType = sourcecode.swift; path = Habit.swift; sourceTree = "<group>"; };
		11A1CAA2B8678E83C6EE720B /* Assets.xcassets */ = {isa = PBXFileReference; lastKnownFileType = folder.assetcatalog; path = Assets.xcassets; sourceTree = "<group>"; };
		11F38515D1EABCAD1F6E1A0D /* TodayView.swift */ = {isa = PBXFileReference; lastKnownFileType = sourcecode.swift; path = TodayView.swift; sourceTree = "<group>"; };
		1BA1C4853B88DD383F5A5840 /* ManualConnector.swift */ = {isa = PBXFileReference; lastKnownFileType = sourcecode.swift; path = ManualConnector.swift; sourceTree = "<group>"; };
		1C58575B30AEE70BDF869325 /* HabitScheduler.swift */ = {isa = PBXFileReference; lastKnownFileType = sourcecode.swift; path = HabitScheduler.swift; sourceTree = "<group>"; };
		2E2D604CE4DD180FA4032D5C /* .gitkeep */ = {isa = PBXFileReference; path = .gitkeep; sourceTree = "<group>"; };
		2EB48A7F4A1A26F0392F3848 /* Chain.app */ = {isa = PBXFileReference; explicitFileType = wrapper.application; includeInIndex = 0; path = Chain.app; sourceTree = BUILT_PRODUCTS_DIR; };
		33F6B277E81ED80394B93E1F /* StreakCalculator.swift */ = {isa = PBXFileReference; lastKnownFileType = sourcecode.swift; path = StreakCalculator.swift; sourceTree = "<group>"; };
		45C2E89F7F834BE708096D83 /* HabitsListView.swift */ = {isa = PBXFileReference; lastKnownFileType = sourcecode.swift; path = HabitsListView.swift; sourceTree = "<group>"; };
		50E2AF026A13B3693E06ECB9 /* ManualConnectorTests.swift */ = {isa = PBXFileReference; lastKnownFileType = sourcecode.swift; path = ManualConnectorTests.swift; sourceTree = "<group>"; };
		606544F205C02C0BD8D95939 /* ChainTests.xctest */ = {isa = PBXFileReference; explicitFileType = wrapper.cfbundle; includeInIndex = 0; path = ChainTests.xctest; sourceTree = BUILT_PRODUCTS_DIR; };
		61220B47D78BEE25F01A0D27 /* Chain.app */ = {isa = PBXFileReference; includeInIndex = 0; lastKnownFileType = wrapper.application; path = Chain.app; sourceTree = BUILT_PRODUCTS_DIR; };
		65D97B39FFB6037E1F589512 /* SettingsView.swift */ = {isa = PBXFileReference; lastKnownFileType = sourcecode.swift; path = SettingsView.swift; sourceTree = "<group>"; };
		70DFAB81ED438401E84B2E1D /* HabitSchedulerTests.swift */ = {isa = PBXFileReference; lastKnownFileType = sourcecode.swift; path = HabitSchedulerTests.swift; sourceTree = "<group>"; };
		73C91D72B20EC86EEE1D9494 /* StreakCalculatorTests.swift */ = {isa = PBXFileReference; lastKnownFileType = sourcecode.swift; path = StreakCalculatorTests.swift; sourceTree = "<group>"; };
		858C7BF1813A300F3D785B3F /* ContentView.swift */ = {isa = PBXFileReference; lastKnownFileType = sourcecode.swift; path = ContentView.swift; sourceTree = "<group>"; };
		887FFBAFD32F44A4BEEDC685 /* .gitkeep */ = {isa = PBXFileReference; path = .gitkeep; sourceTree = "<group>"; };
		9B13448DCC9402B8887BC6B2 /* .gitkeep */ = {isa = PBXFileReference; path = .gitkeep; sourceTree = "<group>"; };
		A99D2F4D1712B6D857F56AD8 /* ConnectorType.swift */ = {isa = PBXFileReference; lastKnownFileType = sourcecode.swift; path = ConnectorType.swift; sourceTree = "<group>"; };
		AE0B941C8F0E6DFDE4E24FF8 /* .gitkeep */ = {isa = PBXFileReference; path = .gitkeep; sourceTree = "<group>"; };
		C4A1A5E64A16187982432F0F /* ChainApp.swift */ = {isa = PBXFileReference; lastKnownFileType = sourcecode.swift; path = ChainApp.swift; sourceTree = "<group>"; };
		C76C193A6FBD1173EC6E8AEC /* .gitkeep */ = {isa = PBXFileReference; path = .gitkeep; sourceTree = "<group>"; };
		CA2D7E16DE667BEAD2F11886 /* AddHabitView.swift */ = {isa = PBXFileReference; lastKnownFileType = sourcecode.swift; path = AddHabitView.swift; sourceTree = "<group>"; };
		CD3C1FA55345E35BF6D1E9D4 /* .gitkeep */ = {isa = PBXFileReference; path = .gitkeep; sourceTree = "<group>"; };
		D4345F3E550C04591B8C6B1B /* HabitEntry.swift */ = {isa = PBXFileReference; lastKnownFileType = sourcecode.swift; path = HabitEntry.swift; sourceTree = "<group>"; };
		D5CD78469ED48F29028392F3 /* EntryStatus.swift */ = {isa = PBXFileReference; lastKnownFileType = sourcecode.swift; path = EntryStatus.swift; sourceTree = "<group>"; };
		D6A278E9AA973FC96DC33966 /* Frequency.swift */ = {isa = PBXFileReference; lastKnownFileType = sourcecode.swift; path = Frequency.swift; sourceTree = "<group>"; };
		D85207EAA4E6BDDA34723068 /* StatsView.swift */ = {isa = PBXFileReference; lastKnownFileType = sourcecode.swift; path = StatsView.swift; sourceTree = "<group>"; };
		DA1513C88D02180C028287D6 /* ChainTests.swift */ = {isa = PBXFileReference; lastKnownFileType = sourcecode.swift; path = ChainTests.swift; sourceTree = "<group>"; };
		ECFF1F63BF5F5AC05A62444D /* .gitkeep */ = {isa = PBXFileReference; path = .gitkeep; sourceTree = "<group>"; };
		FDBC1CD454387DFD7425E88B /* GoalConfig.swift */ = {isa = PBXFileReference; lastKnownFileType = sourcecode.swift; path = GoalConfig.swift; sourceTree = "<group>"; };
/* End PBXFileReference section */

/* Begin PBXGroup section */
		2889B09D47CB6ADC496CC9BE /* Today */ = {
			isa = PBXGroup;
			children = (
				C76C193A6FBD1173EC6E8AEC /* .gitkeep */,
				0B6BB2EA74ECFF164EA7F790 /* HabitRowView.swift */,
				11F38515D1EABCAD1F6E1A0D /* TodayView.swift */,
			);
			path = Today;
			sourceTree = "<group>";
		};
		28D6B859AFDE4E93571E5475 /* ChainTests */ = {
			isa = PBXGroup;
			children = (
				DA1513C88D02180C028287D6 /* ChainTests.swift */,
				70DFAB81ED438401E84B2E1D /* HabitSchedulerTests.swift */,
				50E2AF026A13B3693E06ECB9 /* ManualConnectorTests.swift */,
				73C91D72B20EC86EEE1D9494 /* StreakCalculatorTests.swift */,
			);
			path = ChainTests;
			sourceTree = "<group>";
		};
		3CCCA623A8016328939ACB02 /* Views */ = {
			isa = PBXGroup;
			children = (
				547DC41D7CD945A84975569B /* Habits */,
				CD9B661BF392D04CBE63F0C2 /* Settings */,
				B5FF0917A8E5B3B36A1FD91D /* Stats */,
				2889B09D47CB6ADC496CC9BE /* Today */,
			);
			path = Views;
			sourceTree = "<group>";
		};
		547DC41D7CD945A84975569B /* Habits */ = {
			isa = PBXGroup;
			children = (
				2E2D604CE4DD180FA4032D5C /* .gitkeep */,
				CA2D7E16DE667BEAD2F11886 /* AddHabitView.swift */,
				45C2E89F7F834BE708096D83 /* HabitsListView.swift */,
			);
			path = Habits;
			sourceTree = "<group>";
		};
		85FF803429A3525081D4AAC0 /* Domain */ = {
			isa = PBXGroup;
			children = (
				9B13448DCC9402B8887BC6B2 /* .gitkeep */,
				1C58575B30AEE70BDF869325 /* HabitScheduler.swift */,
				33F6B277E81ED80394B93E1F /* StreakCalculator.swift */,
			);
			path = Domain;
			sourceTree = "<group>";
		};
		86745C69DF35A8076EFFA6D1 /* Products */ = {
			isa = PBXGroup;
			children = (
				61220B47D78BEE25F01A0D27 /* Chain.app */,
				2EB48A7F4A1A26F0392F3848 /* Chain.app */,
				103A5CC32213AFEE1B532101 /* ChainTests_iOS_Runner.xctest */,
				606544F205C02C0BD8D95939 /* ChainTests.xctest */,
			);
			name = Products;
			sourceTree = "<group>";
		};
		B5FF0917A8E5B3B36A1FD91D /* Stats */ = {
			isa = PBXGroup;
			children = (
				AE0B941C8F0E6DFDE4E24FF8 /* .gitkeep */,
				D85207EAA4E6BDDA34723068 /* StatsView.swift */,
			);
			path = Stats;
			sourceTree = "<group>";
		};
		BF67769B41B0064B44FE27EB /* Chain */ = {
			isa = PBXGroup;
			children = (
				11A1CAA2B8678E83C6EE720B /* Assets.xcassets */,
				C4A1A5E64A16187982432F0F /* ChainApp.swift */,
				F53D724E60D8D743496B4EF6 /* Connectors */,
				858C7BF1813A300F3D785B3F /* ContentView.swift */,
				85FF803429A3525081D4AAC0 /* Domain */,
				0DEA18CE42E07E855C930622 /* Info.plist */,
				E10AD388028C2639AB6766B5 /* Models */,
				3CCCA623A8016328939ACB02 /* Views */,
			);
			path = Chain;
			sourceTree = "<group>";
		};
		C8EEC1FEA171FB9F44FCB71E = {
			isa = PBXGroup;
			children = (
				BF67769B41B0064B44FE27EB /* Chain */,
				28D6B859AFDE4E93571E5475 /* ChainTests */,
				86745C69DF35A8076EFFA6D1 /* Products */,
			);
			sourceTree = "<group>";
		};
		CD9B661BF392D04CBE63F0C2 /* Settings */ = {
			isa = PBXGroup;
			children = (
				CD3C1FA55345E35BF6D1E9D4 /* .gitkeep */,
				65D97B39FFB6037E1F589512 /* SettingsView.swift */,
			);
			path = Settings;
			sourceTree = "<group>";
		};
		E10AD388028C2639AB6766B5 /* Models */ = {
			isa = PBXGroup;
			children = (
				ECFF1F63BF5F5AC05A62444D /* .gitkeep */,
				A99D2F4D1712B6D857F56AD8 /* ConnectorType.swift */,
				D5CD78469ED48F29028392F3 /* EntryStatus.swift */,
				D6A278E9AA973FC96DC33966 /* Frequency.swift */,
				FDBC1CD454387DFD7425E88B /* GoalConfig.swift */,
				110F5754CB4619F00A1A80A0 /* Habit.swift */,
				D4345F3E550C04591B8C6B1B /* HabitEntry.swift */,
			);
			path = Models;
			sourceTree = "<group>";
		};
		F53D724E60D8D743496B4EF6 /* Connectors */ = {
			isa = PBXGroup;
			children = (
				887FFBAFD32F44A4BEEDC685 /* .gitkeep */,
				036A8817E1413F55AD514CC6 /* HabitConnector.swift */,
				1BA1C4853B88DD383F5A5840 /* ManualConnector.swift */,
			);
			path = Connectors;
			sourceTree = "<group>";
		};
/* End PBXGroup section */

/* Begin PBXNativeTarget section */
		2F03B27938223B3F5D161CEE /* Chain_iOS */ = {
			isa = PBXNativeTarget;
			buildConfigurationList = F384AFC7EB386121BB9BCA5F /* Build configuration list for PBXNativeTarget "Chain_iOS" */;
			buildPhases = (
				1B2A6A7158F0E4F3E7B88C0C /* Sources */,
				485FB6789785C038E37EADA0 /* Resources */,
			);
			buildRules = (
			);
			dependencies = (
			);
			name = Chain_iOS;
			packageProductDependencies = (
			);
			productName = Chain_iOS;
			productReference = 61220B47D78BEE25F01A0D27 /* Chain.app */;
			productType = "com.apple.product-type.application";
		};
		706EF739ED6902B4AAEC6C8F /* ChainTests_iOS_Runner */ = {
			isa = PBXNativeTarget;
			buildConfigurationList = 4E3E905F510913CC4F15E7E4 /* Build configuration list for PBXNativeTarget "ChainTests_iOS_Runner" */;
			buildPhases = (
				83371E2E34063B107234FD3D /* Sources */,
			);
			buildRules = (
			);
			dependencies = (
				CD628332BEDD5C93B495994E /* PBXTargetDependency */,
			);
			name = ChainTests_iOS_Runner;
			packageProductDependencies = (
			);
			productName = ChainTests_iOS_Runner;
			productReference = 103A5CC32213AFEE1B532101 /* ChainTests_iOS_Runner.xctest */;
			productType = "com.apple.product-type.bundle.unit-test";
		};
		7F2A2189BAE607D678F39A66 /* ChainTests */ = {
			isa = PBXNativeTarget;
			buildConfigurationList = 37CD340410FF9A69E42B229A /* Build configuration list for PBXNativeTarget "ChainTests" */;
			buildPhases = (
				59C2A7E19CED7890B3A0403E /* Sources */,
			);
			buildRules = (
			);
			dependencies = (
				F6932C78E3A665599CEDDCDB /* PBXTargetDependency */,
			);
			name = ChainTests;
			packageProductDependencies = (
			);
			productName = ChainTests;
			productReference = 606544F205C02C0BD8D95939 /* ChainTests.xctest */;
			productType = "com.apple.product-type.bundle.unit-test";
		};
		98270F210CF5A3666A4FFC19 /* Chain_macOS */ = {
			isa = PBXNativeTarget;
			buildConfigurationList = 16FBB52BD5D2B18D672A5C13 /* Build configuration list for PBXNativeTarget "Chain_macOS" */;
			buildPhases = (
				8AFF03AC718B57783B277C49 /* Sources */,
				0FFF30E716AB65C34E7DB1B8 /* Resources */,
			);
			buildRules = (
			);
			dependencies = (
			);
			name = Chain_macOS;
			packageProductDependencies = (
			);
			productName = Chain_macOS;
			productReference = 2EB48A7F4A1A26F0392F3848 /* Chain.app */;
			productType = "com.apple.product-type.application";
		};
/* End PBXNativeTarget section */

/* Begin PBXProject section */
		F2529367372772A2D2DEC3E6 /* Project object */ = {
			isa = PBXProject;
			attributes = {
				BuildIndependentTargetsInParallel = YES;
				LastUpgradeCheck = 1600;
				TargetAttributes = {
					2F03B27938223B3F5D161CEE = {
						DevelopmentTeam = "";
						ProvisioningStyle = Automatic;
					};
					98270F210CF5A3666A4FFC19 = {
						DevelopmentTeam = "";
						ProvisioningStyle = Automatic;
					};
				};
			};
			buildConfigurationList = 1F74FB8BD6EF7DE16D994F16 /* Build configuration list for PBXProject "Chain" */;
			developmentRegion = en;
			hasScannedForEncodings = 0;
			knownRegions = (
				Base,
				en,
			);
			mainGroup = C8EEC1FEA171FB9F44FCB71E;
			minimizedProjectReferenceProxies = 1;
			preferredProjectObjectVersion = 77;
			productRefGroup = 86745C69DF35A8076EFFA6D1 /* Products */;
			projectDirPath = "";
			projectRoot = "";
			targets = (
				7F2A2189BAE607D678F39A66 /* ChainTests */,
				706EF739ED6902B4AAEC6C8F /* ChainTests_iOS_Runner */,
				2F03B27938223B3F5D161CEE /* Chain_iOS */,
				98270F210CF5A3666A4FFC19 /* Chain_macOS */,
			);
		};
/* End PBXProject section */

/* Begin PBXResourcesBuildPhase section */
		0FFF30E716AB65C34E7DB1B8 /* Resources */ = {
			isa = PBXResourcesBuildPhase;
			buildActionMask = 2147483647;
			files = (
				68EA2B68F9BFBA5B38605A74 /* Assets.xcassets in Resources */,
			);
			runOnlyForDeploymentPostprocessing = 0;
		};
		485FB6789785C038E37EADA0 /* Resources */ = {
			isa = PBXResourcesBuildPhase;
			buildActionMask = 2147483647;
			files = (
				F635BFCA5370D1F0B7636709 /* Assets.xcassets in Resources */,
			);
			runOnlyForDeploymentPostprocessing = 0;
		};
/* End PBXResourcesBuildPhase section */

/* Begin PBXSourcesBuildPhase section */
		1B2A6A7158F0E4F3E7B88C0C /* Sources */ = {
			isa = PBXSourcesBuildPhase;
			buildActionMask = 2147483647;
			files = (
				B23DAEB26A81B1393A1225B9 /* AddHabitView.swift in Sources */,
				AC8476CC1F11D511CC92E468 /* ChainApp.swift in Sources */,
				02E414E4260E00D45CFE0D53 /* ConnectorType.swift in Sources */,
				6DC5194D3A6C357CCFF35377 /* ContentView.swift in Sources */,
				2CA3FDEE3A53A0F3355101B8 /* EntryStatus.swift in Sources */,
				479A86F8D5FD07BDA1FA528D /* Frequency.swift in Sources */,
				5FF75336D7E21679816A5D99 /* GoalConfig.swift in Sources */,
				7E5EBCCB40F06EFE961E6CFE /* Habit.swift in Sources */,
				30E4A1341CA20AEE3FB49F62 /* HabitConnector.swift in Sources */,
				162F639ABE048566AE02F160 /* HabitEntry.swift in Sources */,
				5EC31D61308280E974AC25A2 /* HabitRowView.swift in Sources */,
				61C717506B4C440269EC0640 /* HabitScheduler.swift in Sources */,
				07D6FB38F86A3B025BE417E2 /* HabitsListView.swift in Sources */,
				7153038442E5791937ED39A1 /* ManualConnector.swift in Sources */,
				A142C470C5F9CF61989643F1 /* SettingsView.swift in Sources */,
				DEC1D84E8388783ACCA0F9B1 /* StatsView.swift in Sources */,
				9267FD8F09CFDF88B349E747 /* StreakCalculator.swift in Sources */,
				2FB65D7279DF644C72404A60 /* TodayView.swift in Sources */,
			);
			runOnlyForDeploymentPostprocessing = 0;
		};
		59C2A7E19CED7890B3A0403E /* Sources */ = {
			isa = PBXSourcesBuildPhase;
			buildActionMask = 2147483647;
			files = (
				DF1BB21651EE3228FDAFB7BC /* ChainTests.swift in Sources */,
				4A2C44BA420DE21791E21035 /* HabitSchedulerTests.swift in Sources */,
				7851C9C5AC141AE57B4CC4CD /* ManualConnectorTests.swift in Sources */,
				C800C9EED3482DC05ED8AD49 /* StreakCalculatorTests.swift in Sources */,
			);
			runOnlyForDeploymentPostprocessing = 0;
		};
		83371E2E34063B107234FD3D /* Sources */ = {
			isa = PBXSourcesBuildPhase;
			buildActionMask = 2147483647;
			files = (
				318F1AC8343C5602FF6F09A0 /* ChainTests.swift in Sources */,
				6FDA8DD44BC684AD24B70FA3 /* HabitSchedulerTests.swift in Sources */,
				AB34549A84B4B776287E9047 /* ManualConnectorTests.swift in Sources */,
				C2E3E67A78CE5AAAAA347922 /* StreakCalculatorTests.swift in Sources */,
			);
			runOnlyForDeploymentPostprocessing = 0;
		};
		8AFF03AC718B57783B277C49 /* Sources */ = {
			isa = PBXSourcesBuildPhase;
			buildActionMask = 2147483647;
			files = (
				2533CABDA298F34B65976C54 /* AddHabitView.swift in Sources */,
				6F499542D723E7054338FADD /* ChainApp.swift in Sources */,
				CFE54BD0306241C4B93A72FD /* ConnectorType.swift in Sources */,
				F9522A164EB3ED17D6428253 /* ContentView.swift in Sources */,
				9258CB5F900A4C549A213FA4 /* EntryStatus.swift in Sources */,
				AFB3106052635DCF7D69E17F /* Frequency.swift in Sources */,
				42B14D32397F2F36F381D790 /* GoalConfig.swift in Sources */,
				0C49E84A1CF7A2248B8B2271 /* Habit.swift in Sources */,
				6D10D01AC2E4B1B7D66227FF /* HabitConnector.swift in Sources */,
				2172722A434DA9B47AC663B0 /* HabitEntry.swift in Sources */,
				B24A72073858D7B872E6286F /* HabitRowView.swift in Sources */,
				2966F1D7016AA10CA0C02B2A /* HabitScheduler.swift in Sources */,
				577614009C90BBA9EDCFF61A /* HabitsListView.swift in Sources */,
				415FCB6E3EB089DB166EEAFB /* ManualConnector.swift in Sources */,
				9F0CAA7EA4F7F97D64BF7312 /* SettingsView.swift in Sources */,
				F52ED1DF4017B03D853AA0ED /* StatsView.swift in Sources */,
				BE8372F3F63BB56CAAB2BA5F /* StreakCalculator.swift in Sources */,
				24784AB651DB520BAE6DDD31 /* TodayView.swift in Sources */,
			);
			runOnlyForDeploymentPostprocessing = 0;
		};
/* End PBXSourcesBuildPhase section */

/* Begin PBXTargetDependency section */
		CD628332BEDD5C93B495994E /* PBXTargetDependency */ = {
			isa = PBXTargetDependency;
			target = 2F03B27938223B3F5D161CEE /* Chain_iOS */;
			targetProxy = 64C8F6CE0C630037597D7712 /* PBXContainerItemProxy */;
		};
		F6932C78E3A665599CEDDCDB /* PBXTargetDependency */ = {
			isa = PBXTargetDependency;
			target = 98270F210CF5A3666A4FFC19 /* Chain_macOS */;
			targetProxy = C111F4755E09FF236AFCE555 /* PBXContainerItemProxy */;
		};
/* End PBXTargetDependency section */

/* Begin XCBuildConfiguration section */
		3015E89FE96886A3024C9FD9 /* Release */ = {
			isa = XCBuildConfiguration;
			buildSettings = {
				BUNDLE_LOADER = "$(TEST_HOST)";
				CODE_SIGNING_REQUIRED = NO;
				CODE_SIGN_IDENTITY = "-";
				COMBINE_HIDPI_IMAGES = YES;
				GENERATE_INFOPLIST_FILE = YES;
				LD_RUNPATH_SEARCH_PATHS = (
					"$(inherited)",
					"@executable_path/../Frameworks",
					"@loader_path/../Frameworks",
				);
				PRODUCT_BUNDLE_IDENTIFIER = com.chain.ChainTests;
				SDKROOT = macosx;
				SWIFT_VERSION = 5.9;
				TEST_HOST = "$(BUILT_PRODUCTS_DIR)/Chain.app/Contents/MacOS/Chain";
			};
			name = Release;
		};
		3E9D9730DFF114F1678E2661 /* Release */ = {
			isa = XCBuildConfiguration;
			buildSettings = {
				ASSETCATALOG_COMPILER_APPICON_NAME = AppIcon;
				CODE_SIGN_IDENTITY = "iPhone Developer";
				CODE_SIGN_STYLE = Automatic;
				DEVELOPMENT_TEAM = "";
				INFOPLIST_FILE = Chain/Info.plist;
				INFOPLIST_KEY_UIApplicationSceneManifest_Generation = YES;
				INFOPLIST_KEY_UILaunchScreen_Generation = YES;
				LD_RUNPATH_SEARCH_PATHS = (
					"$(inherited)",
					"@executable_path/Frameworks",
				);
				PRODUCT_BUNDLE_IDENTIFIER = "com.chain.Chain-iOS";
				PRODUCT_NAME = Chain;
				SDKROOT = iphoneos;
				SWIFT_VERSION = 5.9;
				TARGETED_DEVICE_FAMILY = "1,2";
			};
			name = Release;
		};
		424825FE1BF5EFCCDF318570 /* Debug */ = {
			isa = XCBuildConfiguration;
			buildSettings = {
				BUNDLE_LOADER = "$(TEST_HOST)";
				CODE_SIGNING_REQUIRED = NO;
				CODE_SIGN_IDENTITY = "-";
				GENERATE_INFOPLIST_FILE = YES;
				LD_RUNPATH_SEARCH_PATHS = (
					"$(inherited)",
					"@executable_path/Frameworks",
					"@loader_path/Frameworks",
				);
				PRODUCT_BUNDLE_IDENTIFIER = "com.chain.ChainTests-iOS-Runner";
				SDKROOT = iphoneos;
				SWIFT_VERSION = 5.9;
				TARGETED_DEVICE_FAMILY = "1,2";
				TEST_HOST = "$(BUILT_PRODUCTS_DIR)/Chain.app/Chain";
			};
			name = Debug;
		};
		4413FE84FD741DB223BD6DFB /* Debug */ = {
			isa = XCBuildConfiguration;
			buildSettings = {
				ASSETCATALOG_COMPILER_APPICON_NAME = AppIcon;
				CODE_SIGN_STYLE = Automatic;
				COMBINE_HIDPI_IMAGES = YES;
				DEVELOPMENT_TEAM = "";
				INFOPLIST_FILE = Chain/Info.plist;
				INFOPLIST_KEY_UIApplicationSceneManifest_Generation = YES;
				INFOPLIST_KEY_UILaunchScreen_Generation = YES;
				LD_RUNPATH_SEARCH_PATHS = (
					"$(inherited)",
					"@executable_path/../Frameworks",
				);
				PRODUCT_BUNDLE_IDENTIFIER = "com.chain.Chain-macOS";
				PRODUCT_NAME = Chain;
				SDKROOT = macosx;
				SWIFT_VERSION = 5.9;
			};
			name = Debug;
		};
		7A2136DEEDDEB4625536A487 /* Release */ = {
			isa = XCBuildConfiguration;
			buildSettings = {
				ASSETCATALOG_COMPILER_APPICON_NAME = AppIcon;
				CODE_SIGN_STYLE = Automatic;
				COMBINE_HIDPI_IMAGES = YES;
				DEVELOPMENT_TEAM = "";
				INFOPLIST_FILE = Chain/Info.plist;
				INFOPLIST_KEY_UIApplicationSceneManifest_Generation = YES;
				INFOPLIST_KEY_UILaunchScreen_Generation = YES;
				LD_RUNPATH_SEARCH_PATHS = (
					"$(inherited)",
					"@executable_path/../Frameworks",
				);
				PRODUCT_BUNDLE_IDENTIFIER = "com.chain.Chain-macOS";
				PRODUCT_NAME = Chain;
				SDKROOT = macosx;
				SWIFT_VERSION = 5.9;
			};
			name = Release;
		};
		82043AB308A4A8ECD0520114 /* Release */ = {
			isa = XCBuildConfiguration;
			buildSettings = {
				ALWAYS_SEARCH_USER_PATHS = NO;
				CLANG_ANALYZER_NONNULL = YES;
				CLANG_ANALYZER_NUMBER_OBJECT_CONVERSION = YES_AGGRESSIVE;
				CLANG_CXX_LANGUAGE_STANDARD = "gnu++14";
				CLANG_CXX_LIBRARY = "libc++";
				CLANG_ENABLE_MODULES = YES;
				CLANG_ENABLE_OBJC_ARC = YES;
				CLANG_ENABLE_OBJC_WEAK = YES;
				CLANG_WARN_BLOCK_CAPTURE_AUTORELEASING = YES;
				CLANG_WARN_BOOL_CONVERSION = YES;
				CLANG_WARN_COMMA = YES;
				CLANG_WARN_CONSTANT_CONVERSION = YES;
				CLANG_WARN_DEPRECATED_OBJC_IMPLEMENTATIONS = YES;
				CLANG_WARN_DIRECT_OBJC_ISA_USAGE = YES_ERROR;
				CLANG_WARN_DOCUMENTATION_COMMENTS = YES;
				CLANG_WARN_EMPTY_BODY = YES;
				CLANG_WARN_ENUM_CONVERSION = YES;
				CLANG_WARN_INFINITE_RECURSION = YES;
				CLANG_WARN_INT_CONVERSION = YES;
				CLANG_WARN_NON_LITERAL_NULL_CONVERSION = YES;
				CLANG_WARN_OBJC_IMPLICIT_RETAIN_SELF = YES;
				CLANG_WARN_OBJC_LITERAL_CONVERSION = YES;
				CLANG_WARN_OBJC_ROOT_CLASS = YES_ERROR;
				CLANG_WARN_QUOTED_INCLUDE_IN_FRAMEWORK_HEADER = YES;
				CLANG_WARN_RANGE_LOOP_ANALYSIS = YES;
				CLANG_WARN_STRICT_PROTOTYPES = YES;
				CLANG_WARN_SUSPICIOUS_MOVE = YES;
				CLANG_WARN_UNGUARDED_AVAILABILITY = YES_AGGRESSIVE;
				CLANG_WARN_UNREACHABLE_CODE = YES;
				CLANG_WARN__DUPLICATE_METHOD_MATCH = YES;
				COPY_PHASE_STRIP = NO;
				DEBUG_INFORMATION_FORMAT = "dwarf-with-dsym";
				ENABLE_NS_ASSERTIONS = NO;
				ENABLE_STRICT_OBJC_MSGSEND = YES;
				GCC_C_LANGUAGE_STANDARD = gnu11;
				GCC_NO_COMMON_BLOCKS = YES;
				GCC_WARN_64_TO_32_BIT_CONVERSION = YES;
				GCC_WARN_ABOUT_RETURN_TYPE = YES_ERROR;
				GCC_WARN_UNDECLARED_SELECTOR = YES;
				GCC_WARN_UNINITIALIZED_AUTOS = YES_AGGRESSIVE;
				GCC_WARN_UNUSED_FUNCTION = YES;
				GCC_WARN_UNUSED_VARIABLE = YES;
				IPHONEOS_DEPLOYMENT_TARGET = 17.0;
				MACOSX_DEPLOYMENT_TARGET = 14.0;
				MTL_ENABLE_DEBUG_INFO = NO;
				MTL_FAST_MATH = YES;
				PRODUCT_NAME = "$(TARGET_NAME)";
				SWIFT_COMPILATION_MODE = wholemodule;
				SWIFT_OPTIMIZATION_LEVEL = "-O";
				SWIFT_VERSION = 5.0;
			};
			name = Release;
		};
		89874B116DE147928D4480C0 /* Debug */ = {
			isa = XCBuildConfiguration;
			buildSettings = {
				ALWAYS_SEARCH_USER_PATHS = NO;
				CLANG_ANALYZER_NONNULL = YES;
				CLANG_ANALYZER_NUMBER_OBJECT_CONVERSION = YES_AGGRESSIVE;
				CLANG_CXX_LANGUAGE_STANDARD = "gnu++14";
				CLANG_CXX_LIBRARY = "libc++";
				CLANG_ENABLE_MODULES = YES;
				CLANG_ENABLE_OBJC_ARC = YES;
				CLANG_ENABLE_OBJC_WEAK = YES;
				CLANG_WARN_BLOCK_CAPTURE_AUTORELEASING = YES;
				CLANG_WARN_BOOL_CONVERSION = YES;
				CLANG_WARN_COMMA = YES;
				CLANG_WARN_CONSTANT_CONVERSION = YES;
				CLANG_WARN_DEPRECATED_OBJC_IMPLEMENTATIONS = YES;
				CLANG_WARN_DIRECT_OBJC_ISA_USAGE = YES_ERROR;
				CLANG_WARN_DOCUMENTATION_COMMENTS = YES;
				CLANG_WARN_EMPTY_BODY = YES;
				CLANG_WARN_ENUM_CONVERSION = YES;
				CLANG_WARN_INFINITE_RECURSION = YES;
				CLANG_WARN_INT_CONVERSION = YES;
				CLANG_WARN_NON_LITERAL_NULL_CONVERSION = YES;
				CLANG_WARN_OBJC_IMPLICIT_RETAIN_SELF = YES;
				CLANG_WARN_OBJC_LITERAL_CONVERSION = YES;
				CLANG_WARN_OBJC_ROOT_CLASS = YES_ERROR;
				CLANG_WARN_QUOTED_INCLUDE_IN_FRAMEWORK_HEADER = YES;
				CLANG_WARN_RANGE_LOOP_ANALYSIS = YES;
				CLANG_WARN_STRICT_PROTOTYPES = YES;
				CLANG_WARN_SUSPICIOUS_MOVE = YES;
				CLANG_WARN_UNGUARDED_AVAILABILITY = YES_AGGRESSIVE;
				CLANG_WARN_UNREACHABLE_CODE = YES;
				CLANG_WARN__DUPLICATE_METHOD_MATCH = YES;
				COPY_PHASE_STRIP = NO;
				DEBUG_INFORMATION_FORMAT = dwarf;
				ENABLE_STRICT_OBJC_MSGSEND = YES;
				ENABLE_TESTABILITY = YES;
				GCC_C_LANGUAGE_STANDARD = gnu11;
				GCC_DYNAMIC_NO_PIC = NO;
				GCC_NO_COMMON_BLOCKS = YES;
				GCC_OPTIMIZATION_LEVEL = 0;
				GCC_PREPROCESSOR_DEFINITIONS = (
					"$(inherited)",
					"DEBUG=1",
				);
				GCC_WARN_64_TO_32_BIT_CONVERSION = YES;
				GCC_WARN_ABOUT_RETURN_TYPE = YES_ERROR;
				GCC_WARN_UNDECLARED_SELECTOR = YES;
				GCC_WARN_UNINITIALIZED_AUTOS = YES_AGGRESSIVE;
				GCC_WARN_UNUSED_FUNCTION = YES;
				GCC_WARN_UNUSED_VARIABLE = YES;
				IPHONEOS_DEPLOYMENT_TARGET = 17.0;
				MACOSX_DEPLOYMENT_TARGET = 14.0;
				MTL_ENABLE_DEBUG_INFO = INCLUDE_SOURCE;
				MTL_FAST_MATH = YES;
				ONLY_ACTIVE_ARCH = YES;
				PRODUCT_NAME = "$(TARGET_NAME)";
				SWIFT_ACTIVE_COMPILATION_CONDITIONS = DEBUG;
				SWIFT_OPTIMIZATION_LEVEL = "-Onone";
				SWIFT_VERSION = 5.0;
			};
			name = Debug;
		};
		8CC9F6BE5C792AED350CBE31 /* Debug */ = {
			isa = XCBuildConfiguration;
			buildSettings = {
				ASSETCATALOG_COMPILER_APPICON_NAME = AppIcon;
				CODE_SIGN_IDENTITY = "iPhone Developer";
				CODE_SIGN_STYLE = Automatic;
				DEVELOPMENT_TEAM = "";
				INFOPLIST_FILE = Chain/Info.plist;
				INFOPLIST_KEY_UIApplicationSceneManifest_Generation = YES;
				INFOPLIST_KEY_UILaunchScreen_Generation = YES;
				LD_RUNPATH_SEARCH_PATHS = (
					"$(inherited)",
					"@executable_path/Frameworks",
				);
				PRODUCT_BUNDLE_IDENTIFIER = "com.chain.Chain-iOS";
				PRODUCT_NAME = Chain;
				SDKROOT = iphoneos;
				SWIFT_VERSION = 5.9;
				TARGETED_DEVICE_FAMILY = "1,2";
			};
			name = Debug;
		};
		CAC4259D3B966782F30F7D71 /* Release */ = {
			isa = XCBuildConfiguration;
			buildSettings = {
				BUNDLE_LOADER = "$(TEST_HOST)";
				CODE_SIGNING_REQUIRED = NO;
				CODE_SIGN_IDENTITY = "-";
				GENERATE_INFOPLIST_FILE = YES;
				LD_RUNPATH_SEARCH_PATHS = (
					"$(inherited)",
					"@executable_path/Frameworks",
					"@loader_path/Frameworks",
				);
				PRODUCT_BUNDLE_IDENTIFIER = "com.chain.ChainTests-iOS-Runner";
				SDKROOT = iphoneos;
				SWIFT_VERSION = 5.9;
				TARGETED_DEVICE_FAMILY = "1,2";
				TEST_HOST = "$(BUILT_PRODUCTS_DIR)/Chain.app/Chain";
			};
			name = Release;
		};
		F1CDFD5BAD3BF229479DDA51 /* Debug */ = {
			isa = XCBuildConfiguration;
			buildSettings = {
				BUNDLE_LOADER = "$(TEST_HOST)";
				CODE_SIGNING_REQUIRED = NO;
				CODE_SIGN_IDENTITY = "-";
				COMBINE_HIDPI_IMAGES = YES;
				GENERATE_INFOPLIST_FILE = YES;
				LD_RUNPATH_SEARCH_PATHS = (
					"$(inherited)",
					"@executable_path/../Frameworks",
					"@loader_path/../Frameworks",
				);
				PRODUCT_BUNDLE_IDENTIFIER = com.chain.ChainTests;
				SDKROOT = macosx;
				SWIFT_VERSION = 5.9;
				TEST_HOST = "$(BUILT_PRODUCTS_DIR)/Chain.app/Contents/MacOS/Chain";
			};
			name = Debug;
		};
/* End XCBuildConfiguration section */

/* Begin XCConfigurationList section */
		16FBB52BD5D2B18D672A5C13 /* Build configuration list for PBXNativeTarget "Chain_macOS" */ = {
			isa = XCConfigurationList;
			buildConfigurations = (
				4413FE84FD741DB223BD6DFB /* Debug */,
				7A2136DEEDDEB4625536A487 /* Release */,
			);
			defaultConfigurationIsVisible = 0;
			defaultConfigurationName = Debug;
		};
		1F74FB8BD6EF7DE16D994F16 /* Build configuration list for PBXProject "Chain" */ = {
			isa = XCConfigurationList;
			buildConfigurations = (
				89874B116DE147928D4480C0 /* Debug */,
				82043AB308A4A8ECD0520114 /* Release */,
			);
			defaultConfigurationIsVisible = 0;
			defaultConfigurationName = Debug;
		};
		37CD340410FF9A69E42B229A /* Build configuration list for PBXNativeTarget "ChainTests" */ = {
			isa = XCConfigurationList;
			buildConfigurations = (
				F1CDFD5BAD3BF229479DDA51 /* Debug */,
				3015E89FE96886A3024C9FD9 /* Release */,
			);
			defaultConfigurationIsVisible = 0;
			defaultConfigurationName = Debug;
		};
		4E3E905F510913CC4F15E7E4 /* Build configuration list for PBXNativeTarget "ChainTests_iOS_Runner" */ = {
			isa = XCConfigurationList;
			buildConfigurations = (
				424825FE1BF5EFCCDF318570 /* Debug */,
				CAC4259D3B966782F30F7D71 /* Release */,
			);
			defaultConfigurationIsVisible = 0;
			defaultConfigurationName = Debug;
		};
		F384AFC7EB386121BB9BCA5F /* Build configuration list for PBXNativeTarget "Chain_iOS" */ = {
			isa = XCConfigurationList;
			buildConfigurations = (
				8CC9F6BE5C792AED350CBE31 /* Debug */,
				3E9D9730DFF114F1678E2661 /* Release */,
			);
			defaultConfigurationIsVisible = 0;
			defaultConfigurationName = Debug;
		};
/* End XCConfigurationList section */
	};
	rootObject = F2529367372772A2D2DEC3E6 /* Project object */;
}
