// !$*UTF8*$!
{
	archiveVersion = 1;
	classes = {
	};
	objectVersion = 77;
	objects = {

/* Begin PBXBuildFile section */
		02E414E4260E00D45CFE0D53 /* ConnectorType.swift in Sources */ = {isa = PBXBuildFile; fileRef = A99D2F4D1712B6D857F56AD8 /* ConnectorType.swift */; };
		07D6FB38F86A3B025BE417E2 /* HabitsListView.swift in Sources */ = {isa = PBXBuildFile; fileRef = 45C2E89F7F834BE708096D83 /* HabitsListView.swift */; };
		09B4CAEF50322F3F8F9FF8DB /* ScreenshotPickerView.swift in Sources */ = {isa = PBXBuildFile; fileRef = CDEA0A79C46FA11232711AE3 /* ScreenshotPickerView.swift */; };
		0A83FC4190C7B60F1172A9F9 /* HabitEntry.swift in Sources */ = {isa = PBXBuildFile; fileRef = D4345F3E550C04591B8C6B1B /* HabitEntry.swift */; };
		0ABED3DC2803888027268FD6 /* CompanionSettingsView.swift in Sources */ = {isa = PBXBuildFile; fileRef = 6A6F493FB76B1F252D07015B /* CompanionSettingsView.swift */; };
		0C49E84A1CF7A2248B8B2271 /* Habit.swift in Sources */ = {isa = PBXBuildFile; fileRef = 110F5754CB4619F00A1A80A0 /* Habit.swift */; };
		0C6718D5F727E0EBA5CCFC8E /* StatsCalculator.swift in Sources */ = {isa = PBXBuildFile; fileRef = E274C71B0028DDD7A628E2AC /* StatsCalculator.swift */; };
		0E18E424E0F1BF18F83F726E /* KeychainHelperTests.swift in Sources */ = {isa = PBXBuildFile; fileRef = ADF457D86871CD459F03ADCA /* KeychainHelperTests.swift */; };
		0F4B7B6EEFD66844A0734A3E /* WatchPayload.swift in Sources */ = {isa = PBXBuildFile; fileRef = 080AA976001570D9B1334900 /* WatchPayload.swift */; };
		13C28A42C1D7621749F90A59 /* PermissionsStepView.swift in Sources */ = {isa = PBXBuildFile; fileRef = 625996AF3B95237E3961493B /* PermissionsStepView.swift */; };
		143587BDD1EEAB5EAD9FD900 /* MilestoneCheckerTests.swift in Sources */ = {isa = PBXBuildFile; fileRef = 0DFA43A29241B68538247A07 /* MilestoneCheckerTests.swift */; };
		162F639ABE048566AE02F160 /* HabitEntry.swift in Sources */ = {isa = PBXBuildFile; fileRef = D4345F3E550C04591B8C6B1B /* HabitEntry.swift */; };
		1A2273FD6731B318A4E5FD4C /* CompanionEngine.swift in Sources */ = {isa = PBXBuildFile; fileRef = B089AD5A1375FF6D5E24BAF5 /* CompanionEngine.swift */; };
		1B45F951CB034F7BB710AF92 /* ConnectorType.swift in Sources */ = {isa = PBXBuildFile; fileRef = A99D2F4D1712B6D857F56AD8 /* ConnectorType.swift */; };
		1FFB5FCC500C25B1243E978E /* WelcomeStepView.swift in Sources */ = {isa = PBXBuildFile; fileRef = 768967B3357332EFF8A61AE0 /* WelcomeStepView.swift */; };
		21223C14222E3F3EB74A403A /* CompanionEngine.swift in Sources */ = {isa = PBXBuildFile; fileRef = B089AD5A1375FF6D5E24BAF5 /* CompanionEngine.swift */; };
		2172722A434DA9B47AC663B0 /* HabitEntry.swift in Sources */ = {isa = PBXBuildFile; fileRef = D4345F3E550C04591B8C6B1B /* HabitEntry.swift */; };
		21AB8210402B794A7EFC7C71 /* Provider.swift in Sources */ = {isa = PBXBuildFile; fileRef = FC4A8F06FFB4087015E984C7 /* Provider.swift */; };
		24784AB651DB520BAE6DDD31 /* TodayView.swift in Sources */ = {isa = PBXBuildFile; fileRef = 11F38515D1EABCAD1F6E1A0D /* TodayView.swift */; };
		2533CABDA298F34B65976C54 /* AddHabitView.swift in Sources */ = {isa = PBXBuildFile; fileRef = CA2D7E16DE667BEAD2F11886 /* AddHabitView.swift */; };
		25EDC1BADD4EF1979121E048 /* KeychainHelperTests.swift in Sources */ = {isa = PBXBuildFile; fileRef = ADF457D86871CD459F03ADCA /* KeychainHelperTests.swift */; };
		2966F1D7016AA10CA0C02B2A /* HabitScheduler.swift in Sources */ = {isa = PBXBuildFile; fileRef = 1C58575B30AEE70BDF869325 /* HabitScheduler.swift */; };
		2BA05AB2080CA2464E803661 /* CalendarTabView.swift in Sources */ = {isa = PBXBuildFile; fileRef = 24D772D603A90B3E63403605 /* CalendarTabView.swift */; };
		2BF031A66902A8670EDFCC2B /* SummaryTabView.swift in Sources */ = {isa = PBXBuildFile; fileRef = A0CD9CB57225D22C43D049D2 /* SummaryTabView.swift */; };
		2CA3FDEE3A53A0F3355101B8 /* EntryStatus.swift in Sources */ = {isa = PBXBuildFile; fileRef = D5CD78469ED48F29028392F3 /* EntryStatus.swift */; };
		2D9306D20C92E40DF6C32D0D /* GoalConfig.swift in Sources */ = {isa = PBXBuildFile; fileRef = FDBC1CD454387DFD7425E88B /* GoalConfig.swift */; };
		2E167D441A50B5D542420E55 /* Frequency.swift in Sources */ = {isa = PBXBuildFile; fileRef = D6A278E9AA973FC96DC33966 /* Frequency.swift */; };
		2FB65D7279DF644C72404A60 /* TodayView.swift in Sources */ = {isa = PBXBuildFile; fileRef = 11F38515D1EABCAD1F6E1A0D /* TodayView.swift */; };
		30B51072A93A2AD50C5B4A9B /* StatsCalculator.swift in Sources */ = {isa = PBXBuildFile; fileRef = E274C71B0028DDD7A628E2AC /* StatsCalculator.swift */; };
		30E4A1341CA20AEE3FB49F62 /* HabitConnector.swift in Sources */ = {isa = PBXBuildFile; fileRef = 036A8817E1413F55AD514CC6 /* HabitConnector.swift */; };
		30F7094F53CD61FCA5A9C5CF /* Habit.swift in Sources */ = {isa = PBXBuildFile; fileRef = 110F5754CB4619F00A1A80A0 /* Habit.swift */; };
		318F1AC8343C5602FF6F09A0 /* ChainTests.swift in Sources */ = {isa = PBXBuildFile; fileRef = DA1513C88D02180C028287D6 /* ChainTests.swift */; };
		32FA90EF579FF115F5CC1A49 /* MenuBarHabitRowView.swift in Sources */ = {isa = PBXBuildFile; fileRef = 93BA8CCA932CFD92C6C64214 /* MenuBarHabitRowView.swift */; };
		348F7DCF70430A56D5BDF314 /* SmallWidgetView.swift in Sources */ = {isa = PBXBuildFile; fileRef = 5417324671F4776595B499F1 /* SmallWidgetView.swift */; };
		35F0D1D1D761FFC6843B7651 /* Placeholder.swift in Sources */ = {isa = PBXBuildFile; fileRef = D581886FE0160DB85EA4D712 /* Placeholder.swift */; };
		37C70DCA2EA71F0C720B0142 /* MilestoneChecker.swift in Sources */ = {isa = PBXBuildFile; fileRef = 115EA9DA4541D332C6F92B52 /* MilestoneChecker.swift */; };
		383831BBAD052583A51677FC /* WatchPayloadTests.swift in Sources */ = {isa = PBXBuildFile; fileRef = 9EBED8C7ED3F28BB48B2E19A /* WatchPayloadTests.swift */; };
		387E1B71DCE76D5FB7F07310 /* ConnectorType.swift in Sources */ = {isa = PBXBuildFile; fileRef = A99D2F4D1712B6D857F56AD8 /* ConnectorType.swift */; };
		38A80E382E5702D43F364FFF /* Habit.swift in Sources */ = {isa = PBXBuildFile; fileRef = 110F5754CB4619F00A1A80A0 /* Habit.swift */; };
		3AB3026CEFC4576F07087F01 /* KeychainHelper.swift in Sources */ = {isa = PBXBuildFile; fileRef = D86FCC49BE498A02306E92DF /* KeychainHelper.swift */; };
		3FF0747D37AF0732F0E89777 /* StreaksTabView.swift in Sources */ = {isa = PBXBuildFile; fileRef = F87944CB036A5DF0A3F639B6 /* StreaksTabView.swift */; };
		415FCB6E3EB089DB166EEAFB /* ManualConnector.swift in Sources */ = {isa = PBXBuildFile; fileRef = 1BA1C4853B88DD383F5A5840 /* ManualConnector.swift */; };
		42B14D32397F2F36F381D790 /* GoalConfig.swift in Sources */ = {isa = PBXBuildFile; fileRef = FDBC1CD454387DFD7425E88B /* GoalConfig.swift */; };
		4745C368E6E40DCD64CF8835 /* StatsCalculator.swift in Sources */ = {isa = PBXBuildFile; fileRef = E274C71B0028DDD7A628E2AC /* StatsCalculator.swift */; };
		479A86F8D5FD07BDA1FA528D /* Frequency.swift in Sources */ = {isa = PBXBuildFile; fileRef = D6A278E9AA973FC96DC33966 /* Frequency.swift */; };
		480DFA904B90D3F8BFAF58E9 /* Companion.swift in Sources */ = {isa = PBXBuildFile; fileRef = 110ECCA8B6C6F9836150A8D0 /* Companion.swift */; };
		4A2C44BA420DE21791E21035 /* HabitSchedulerTests.swift in Sources */ = {isa = PBXBuildFile; fileRef = 70DFAB81ED438401E84B2E1D /* HabitSchedulerTests.swift */; };
		4C704F1E728C66756EA7B654 /* LockScreenWidgetView.swift in Sources */ = {isa = PBXBuildFile; fileRef = 5E65DA9071AB8B932FB17E2F /* LockScreenWidgetView.swift */; };
		4D06AEF1C12D3DB1B069188F /* MilestoneCheckerTests.swift in Sources */ = {isa = PBXBuildFile; fileRef = 0DFA43A29241B68538247A07 /* MilestoneCheckerTests.swift */; };
		4E3A039ED18F2BBF209699EC /* ModelContainerFactory.swift in Sources */ = {isa = PBXBuildFile; fileRef = CEB7E4F7A88B67C7E35EC5C7 /* ModelContainerFactory.swift */; };
		4EC57F3363CDEEFDDE5E1187 /* ConnectorService.swift in Sources */ = {isa = PBXBuildFile; fileRef = F2ACACE63CAE2F27E9FD9DB9 /* ConnectorService.swift */; };
		4FAF67E930FE2C400F090C8A /* CompanionEngineTests.swift in Sources */ = {isa = PBXBuildFile; fileRef = C429E91D7CAF7E002E6EFFEA /* CompanionEngineTests.swift */; };
		501026A7FB8F76DB3594E1E1 /* WatchPayload.swift in Sources */ = {isa = PBXBuildFile; fileRef = 080AA976001570D9B1334900 /* WatchPayload.swift */; };
		551A0A2E2D041679ACA4EB88 /* WelcomeStepView.swift in Sources */ = {isa = PBXBuildFile; fileRef = 768967B3357332EFF8A61AE0 /* WelcomeStepView.swift */; };
		55BFD08F3CB5F58D615573BA /* MCPConnector.swift in Sources */ = {isa = PBXBuildFile; fileRef = 5E600FB907F14047642A5414 /* MCPConnector.swift */; };
		577614009C90BBA9EDCFF61A /* HabitsListView.swift in Sources */ = {isa = PBXBuildFile; fileRef = 45C2E89F7F834BE708096D83 /* HabitsListView.swift */; };
		57A790F081512D0CD47AF95B /* Companion.swift in Sources */ = {isa = PBXBuildFile; fileRef = 110ECCA8B6C6F9836150A8D0 /* Companion.swift */; };
		5AB658206FFD5DA52BEB083B /* VerifyHabitIntent.swift in Sources */ = {isa = PBXBuildFile; fileRef = 33A0B64F5CF1BB8BFC243A5E /* VerifyHabitIntent.swift */; };
		5EC31D61308280E974AC25A2 /* HabitRowView.swift in Sources */ = {isa = PBXBuildFile; fileRef = 0B6BB2EA74ECFF164EA7F790 /* HabitRowView.swift */; };
		5F91784D265F1386A4A098EB /* CompanionCardView.swift in Sources */ = {isa = PBXBuildFile; fileRef = 22E3849012BC2D9194F8EB3A /* CompanionCardView.swift */; };
		5FF75336D7E21679816A5D99 /* GoalConfig.swift in Sources */ = {isa = PBXBuildFile; fileRef = FDBC1CD454387DFD7425E88B /* GoalConfig.swift */; };
		61A124E90C177228591B085A /* StreakCalculator.swift in Sources */ = {isa = PBXBuildFile; fileRef = 33F6B277E81ED80394B93E1F /* StreakCalculator.swift */; };
		61A2C120566816FBD1C03FB1 /* WatchPayload.swift in Sources */ = {isa = PBXBuildFile; fileRef = 080AA976001570D9B1334900 /* WatchPayload.swift */; };
		61C717506B4C440269EC0640 /* HabitScheduler.swift in Sources */ = {isa = PBXBuildFile; fileRef = 1C58575B30AEE70BDF869325 /* HabitScheduler.swift */; };
		64CC2A1EB0956D56D3744951 /* MilestoneChecker.swift in Sources */ = {isa = PBXBuildFile; fileRef = 115EA9DA4541D332C6F92B52 /* MilestoneChecker.swift */; };
		66B63794D7FEC3F4D8E54122 /* Companion.swift in Sources */ = {isa = PBXBuildFile; fileRef = 110ECCA8B6C6F9836150A8D0 /* Companion.swift */; };
		68EA2B68F9BFBA5B38605A74 /* Assets.xcassets in Resources */ = {isa = PBXBuildFile; fileRef = 11A1CAA2B8678E83C6EE720B /* Assets.xcassets */; };
		6A96EEBA0DDE4B47984D144B /* WatchConnectivity.framework in Frameworks */ = {isa = PBXBuildFile; fileRef = CE8B8D0A900D74D806DB235B /* WatchConnectivity.framework */; };
		6BDFA56EBA576F1D68A8C69F /* FirstHabitStepView.swift in Sources */ = {isa = PBXBuildFile; fileRef = BDAD741A67D01D6CCDED6C63 /* FirstHabitStepView.swift */; };
		6D10D01AC2E4B1B7D66227FF /* HabitConnector.swift in Sources */ = {isa = PBXBuildFile; fileRef = 036A8817E1413F55AD514CC6 /* HabitConnector.swift */; };
		6DC5194D3A6C357CCFF35377 /* ContentView.swift in Sources */ = {isa = PBXBuildFile; fileRef = 858C7BF1813A300F3D785B3F /* ContentView.swift */; };
		6E8974FBF82AA714B9C28CA0 /* CompanionSettingsView.swift in Sources */ = {isa = PBXBuildFile; fileRef = 6A6F493FB76B1F252D07015B /* CompanionSettingsView.swift */; };
		6EE42FACE9FC79ABA1008A60 /* ConnectorService.swift in Sources */ = {isa = PBXBuildFile; fileRef = F2ACACE63CAE2F27E9FD9DB9 /* ConnectorService.swift */; };
		6F499542D723E7054338FADD /* ChainApp.swift in Sources */ = {isa = PBXBuildFile; fileRef = C4A1A5E64A16187982432F0F /* ChainApp.swift */; };
		6FDA8DD44BC684AD24B70FA3 /* HabitSchedulerTests.swift in Sources */ = {isa = PBXBuildFile; fileRef = 70DFAB81ED438401E84B2E1D /* HabitSchedulerTests.swift */; };
		7153038442E5791937ED39A1 /* ManualConnector.swift in Sources */ = {isa = PBXBuildFile; fileRef = 1BA1C4853B88DD383F5A5840 /* ManualConnector.swift */; };
		71F768BE191F39A54E51CECE /* Frequency.swift in Sources */ = {isa = PBXBuildFile; fileRef = D6A278E9AA973FC96DC33966 /* Frequency.swift */; };
		724F2D32D470F8E4F7C910F6 /* PermissionsStepView.swift in Sources */ = {isa = PBXBuildFile; fileRef = 625996AF3B95237E3961493B /* PermissionsStepView.swift */; };
		7851C9C5AC141AE57B4CC4CD /* ManualConnectorTests.swift in Sources */ = {isa = PBXBuildFile; fileRef = 50E2AF026A13B3693E06ECB9 /* ManualConnectorTests.swift */; };
		79A44A6ABCE8D583376EC94F /* Companion.swift in Sources */ = {isa = PBXBuildFile; fileRef = 110ECCA8B6C6F9836150A8D0 /* Companion.swift */; };
		7A985933897F092EEF9F4267 /* OnboardingView.swift in Sources */ = {isa = PBXBuildFile; fileRef = 7E028611E3C1E028B06A665C /* OnboardingView.swift */; };
		7E5EBCCB40F06EFE961E6CFE /* Habit.swift in Sources */ = {isa = PBXBuildFile; fileRef = 110F5754CB4619F00A1A80A0 /* Habit.swift */; };
		7EC3587796F6EAF14796AC3F /* CompanionEngineTests.swift in Sources */ = {isa = PBXBuildFile; fileRef = C429E91D7CAF7E002E6EFFEA /* CompanionEngineTests.swift */; };
		81314A70333BAE667C12E7E0 /* MilestoneChecker.swift in Sources */ = {isa = PBXBuildFile; fileRef = 115EA9DA4541D332C6F92B52 /* MilestoneChecker.swift */; };
		81680FAE64D263B34C03F8ED /* HabitScheduler.swift in Sources */ = {isa = PBXBuildFile; fileRef = 1C58575B30AEE70BDF869325 /* HabitScheduler.swift */; };
		81C470BF5719B792633766D7 /* CalendarTabView.swift in Sources */ = {isa = PBXBuildFile; fileRef = 24D772D603A90B3E63403605 /* CalendarTabView.swift */; };
		824E1EBFAC7AC22417D8356F /* MCPConnectorTests.swift in Sources */ = {isa = PBXBuildFile; fileRef = 5ABFFCCECD369097CB50CBD8 /* MCPConnectorTests.swift */; };
		8312134125A0E7E8038E7038 /* Frequency.swift in Sources */ = {isa = PBXBuildFile; fileRef = D6A278E9AA973FC96DC33966 /* Frequency.swift */; };
		8782F06B68B7DC4ADD18336D /* HabitScheduler.swift in Sources */ = {isa = PBXBuildFile; fileRef = 1C58575B30AEE70BDF869325 /* HabitScheduler.swift */; };
		8C8221A00FC9E42D4A53A15B /* CompanionCardView.swift in Sources */ = {isa = PBXBuildFile; fileRef = 22E3849012BC2D9194F8EB3A /* CompanionCardView.swift */; };
		8CFF475D3F86A1AAE0A7480D /* MenuBarIconView.swift in Sources */ = {isa = PBXBuildFile; fileRef = 75F17E22EDE72F967E432D38 /* MenuBarIconView.swift */; };
		8E2A05C34CCEB1B17DBF999C /* ModelContainerFactory.swift in Sources */ = {isa = PBXBuildFile; fileRef = CEB7E4F7A88B67C7E35EC5C7 /* ModelContainerFactory.swift */; };
		911900E51656976106AB2581 /* WatchPayloadTests.swift in Sources */ = {isa = PBXBuildFile; fileRef = 9EBED8C7ED3F28BB48B2E19A /* WatchPayloadTests.swift */; };
		9258CB5F900A4C549A213FA4 /* EntryStatus.swift in Sources */ = {isa = PBXBuildFile; fileRef = D5CD78469ED48F29028392F3 /* EntryStatus.swift */; };
		9267FD8F09CFDF88B349E747 /* StreakCalculator.swift in Sources */ = {isa = PBXBuildFile; fileRef = 33F6B277E81ED80394B93E1F /* StreakCalculator.swift */; };
		9646B28EA2B48948CFBDE2D2 /* MenuBarPopoverView.swift in Sources */ = {isa = PBXBuildFile; fileRef = 08FDF2B551EC9208CD7267D7 /* MenuBarPopoverView.swift */; };
		9A76E1EBF386064AEB3D7D3B /* KeychainHelper.swift in Sources */ = {isa = PBXBuildFile; fileRef = D86FCC49BE498A02306E92DF /* KeychainHelper.swift */; };
		9F0CAA7EA4F7F97D64BF7312 /* SettingsView.swift in Sources */ = {isa = PBXBuildFile; fileRef = 65D97B39FFB6037E1F589512 /* SettingsView.swift */; };
		9F5F72EB9223B170CB2C3364 /* HabitEntry.swift in Sources */ = {isa = PBXBuildFile; fileRef = D4345F3E550C04591B8C6B1B /* HabitEntry.swift */; };
		9F944FAE12FF9D9BC55C5136 /* CompanionEngine.swift in Sources */ = {isa = PBXBuildFile; fileRef = B089AD5A1375FF6D5E24BAF5 /* CompanionEngine.swift */; };
		A0B230ED70D57478F7A1044D /* OnboardingView.swift in Sources */ = {isa = PBXBuildFile; fileRef = 7E028611E3C1E028B06A665C /* OnboardingView.swift */; };
		A142C470C5F9CF61989643F1 /* SettingsView.swift in Sources */ = {isa = PBXBuildFile; fileRef = 65D97B39FFB6037E1F589512 /* SettingsView.swift */; };
		A1B3BC4F9CBA41AAAADF1E27 /* StatsCalculatorTests.swift in Sources */ = {isa = PBXBuildFile; fileRef = 0AE1D6CAC9D3FBC76ABA1F49 /* StatsCalculatorTests.swift */; };
		A618481ED7498063E9DA1CCA /* MCPConnector.swift in Sources */ = {isa = PBXBuildFile; fileRef = 5E600FB907F14047642A5414 /* MCPConnector.swift */; };
		A625ED478461A91B20071B25 /* Habit.swift in Sources */ = {isa = PBXBuildFile; fileRef = 110F5754CB4619F00A1A80A0 /* Habit.swift */; };
		A7D8A58F1807B79317C2D11F /* MenuBarPopoverView.swift in Sources */ = {isa = PBXBuildFile; fileRef = 08FDF2B551EC9208CD7267D7 /* MenuBarPopoverView.swift */; };
		A7EAC4F043A7651C976391E7 /* MCPConnectorTests.swift in Sources */ = {isa = PBXBuildFile; fileRef = 5ABFFCCECD369097CB50CBD8 /* MCPConnectorTests.swift */; };
		A882EF57396CD89AD78B2102 /* ScreenshotPickerView.swift in Sources */ = {isa = PBXBuildFile; fileRef = CDEA0A79C46FA11232711AE3 /* ScreenshotPickerView.swift */; };
		A8D62669212AB4ED304E1E68 /* WatchConnectivity.framework in Frameworks */ = {isa = PBXBuildFile; fileRef = CE8B8D0A900D74D806DB235B /* WatchConnectivity.framework */; };
		AA54FD60849F935629986CBF /* StreakCalculator.swift in Sources */ = {isa = PBXBuildFile; fileRef = 33F6B277E81ED80394B93E1F /* StreakCalculator.swift */; };
		AB34549A84B4B776287E9047 /* ManualConnectorTests.swift in Sources */ = {isa = PBXBuildFile; fileRef = 50E2AF026A13B3693E06ECB9 /* ManualConnectorTests.swift */; };
		AB4CD3CCCBD36380454201E7 /* HabitVerifier.swift in Sources */ = {isa = PBXBuildFile; fileRef = F32A32D8C50AA7A952B3AECA /* HabitVerifier.swift */; };
		AC8476CC1F11D511CC92E468 /* ChainApp.swift in Sources */ = {isa = PBXBuildFile; fileRef = C4A1A5E64A16187982432F0F /* ChainApp.swift */; };
		AD56F3C18ACCB8FA0143B256 /* MilestoneChecker.swift in Sources */ = {isa = PBXBuildFile; fileRef = 115EA9DA4541D332C6F92B52 /* MilestoneChecker.swift */; };
		AF78ADD5A57F0E6A33CA3D35 /* MilestoneOverlayView.swift in Sources */ = {isa = PBXBuildFile; fileRef = 22D9D58978EA5906EC2A5EE5 /* MilestoneOverlayView.swift */; };
		AFB3106052635DCF7D69E17F /* Frequency.swift in Sources */ = {isa = PBXBuildFile; fileRef = D6A278E9AA973FC96DC33966 /* Frequency.swift */; };
		B23DAEB26A81B1393A1225B9 /* AddHabitView.swift in Sources */ = {isa = PBXBuildFile; fileRef = CA2D7E16DE667BEAD2F11886 /* AddHabitView.swift */; };
		B24A72073858D7B872E6286F /* HabitRowView.swift in Sources */ = {isa = PBXBuildFile; fileRef = 0B6BB2EA74ECFF164EA7F790 /* HabitRowView.swift */; };
		B26C96522F45ED965879A438 /* Companion.swift in Sources */ = {isa = PBXBuildFile; fileRef = 110ECCA8B6C6F9836150A8D0 /* Companion.swift */; };
		B418A9E33FD17AA13001A1B6 /* ChainWatchWidget.appex in Embed Foundation Extensions */ = {isa = PBXBuildFile; fileRef = EAA81270A38CFB2168390D4D /* ChainWatchWidget.appex */; settings = {ATTRIBUTES = (RemoveHeadersOnCopy, ); }; };
		B626671CDC7A24EB11862CF5 /* GoalConfig.swift in Sources */ = {isa = PBXBuildFile; fileRef = FDBC1CD454387DFD7425E88B /* GoalConfig.swift */; };
		B9A531533F4EA7DBDF2B8924 /* WidgetEntry.swift in Sources */ = {isa = PBXBuildFile; fileRef = 4F0377F65B6082DE39D23F20 /* WidgetEntry.swift */; };
		BBAFB47A4B3AAED8F3B3EFF1 /* HealthKitConnector.swift in Sources */ = {isa = PBXBuildFile; fileRef = 751CE9EF6EA0304F0ED12091 /* HealthKitConnector.swift */; };
		BBC8062A2F67C2BBF6C50E86 /* EntryStatus.swift in Sources */ = {isa = PBXBuildFile; fileRef = D5CD78469ED48F29028392F3 /* EntryStatus.swift */; };
		BDBE9CED3CDB299BCDADB73E /* GoalConfig.swift in Sources */ = {isa = PBXBuildFile; fileRef = FDBC1CD454387DFD7425E88B /* GoalConfig.swift */; };
		BDFE89AAC9B638164543BEBC /* SmartNotificationScheduler.swift in Sources */ = {isa = PBXBuildFile; fileRef = ECE2FBC7EEF03605B69DF4B2 /* SmartNotificationScheduler.swift */; };
		BE8372F3F63BB56CAAB2BA5F /* StreakCalculator.swift in Sources */ = {isa = PBXBuildFile; fileRef = 33F6B277E81ED80394B93E1F /* StreakCalculator.swift */; };
		C037001423EF0A882CEB82C5 /* StatsCalculatorTests.swift in Sources */ = {isa = PBXBuildFile; fileRef = 0AE1D6CAC9D3FBC76ABA1F49 /* StatsCalculatorTests.swift */; };
		C0B009B2FB5BDEB1543B33D6 /* ChainWidgetBundle.swift in Sources */ = {isa = PBXBuildFile; fileRef = 482F7D4C1697B2C905D489C5 /* ChainWidgetBundle.swift */; };
		C26A59348E8820AA75565869 /* ChainWidget.appex in Embed Foundation Extensions */ = {isa = PBXBuildFile; fileRef = 46AD2DDA1C69D9938657A6D1 /* ChainWidget.appex */; settings = {ATTRIBUTES = (RemoveHeadersOnCopy, ); }; };
		C2E3E67A78CE5AAAAA347922 /* StreakCalculatorTests.swift in Sources */ = {isa = PBXBuildFile; fileRef = 73C91D72B20EC86EEE1D9494 /* StreakCalculatorTests.swift */; };
		C800C9EED3482DC05ED8AD49 /* StreakCalculatorTests.swift in Sources */ = {isa = PBXBuildFile; fileRef = 73C91D72B20EC86EEE1D9494 /* StreakCalculatorTests.swift */; };
		C8F4A155B10CFED68E4BE7CF /* WatchPayload.swift in Sources */ = {isa = PBXBuildFile; fileRef = 080AA976001570D9B1334900 /* WatchPayload.swift */; };
		CAA1F5C55EA134FBFAD9865A /* Placeholder.swift in Sources */ = {isa = PBXBuildFile; fileRef = 18D1C058FA08BB41A65504AF /* Placeholder.swift */; };
		CBD1E6BFA411417C656314E3 /* HealthKitConnector.swift in Sources */ = {isa = PBXBuildFile; fileRef = 751CE9EF6EA0304F0ED12091 /* HealthKitConnector.swift */; };
		CDAEAD97C0F446637533737E /* ModelContainerFactory.swift in Sources */ = {isa = PBXBuildFile; fileRef = CEB7E4F7A88B67C7E35EC5C7 /* ModelContainerFactory.swift */; };
		CFE54BD0306241C4B93A72FD /* ConnectorType.swift in Sources */ = {isa = PBXBuildFile; fileRef = A99D2F4D1712B6D857F56AD8 /* ConnectorType.swift */; };
		D047CED94A215D1246338BB1 /* StatsCalculator.swift in Sources */ = {isa = PBXBuildFile; fileRef = E274C71B0028DDD7A628E2AC /* StatsCalculator.swift */; };
		D19035DE2AE04567B7BF699F /* HabitVerifier.swift in Sources */ = {isa = PBXBuildFile; fileRef = F32A32D8C50AA7A952B3AECA /* HabitVerifier.swift */; };
		D20980114788C03A77AC8CF2 /* CompanionEngine.swift in Sources */ = {isa = PBXBuildFile; fileRef = B089AD5A1375FF6D5E24BAF5 /* CompanionEngine.swift */; };
		D4D160A2F7F922F8AC59E15E /* MediumWidgetView.swift in Sources */ = {isa = PBXBuildFile; fileRef = 17C40A6F34EAC97520BB4A01 /* MediumWidgetView.swift */; };
		D53ABC13A997F9D6E25C423A /* SummaryTabView.swift in Sources */ = {isa = PBXBuildFile; fileRef = A0CD9CB57225D22C43D049D2 /* SummaryTabView.swift */; };
		D544A2FB6149944A3BB52169 /* MenuBarHabitRowView.swift in Sources */ = {isa = PBXBuildFile; fileRef = 93BA8CCA932CFD92C6C64214 /* MenuBarHabitRowView.swift */; };
		D746436B9610142E1180E421 /* StreakCalculator.swift in Sources */ = {isa = PBXBuildFile; fileRef = 33F6B277E81ED80394B93E1F /* StreakCalculator.swift */; };
		D8769F8F3FAD968C773471E1 /* CompanionEngine.swift in Sources */ = {isa = PBXBuildFile; fileRef = B089AD5A1375FF6D5E24BAF5 /* CompanionEngine.swift */; };
		D8E15575B44A3217E6E96961 /* MenuBarIconView.swift in Sources */ = {isa = PBXBuildFile; fileRef = 75F17E22EDE72F967E432D38 /* MenuBarIconView.swift */; };
		D9E3377BD2756EF01483AAD0 /* EntryStatus.swift in Sources */ = {isa = PBXBuildFile; fileRef = D5CD78469ED48F29028392F3 /* EntryStatus.swift */; };
		DA182BCAA8C933356889959A /* StreaksTabView.swift in Sources */ = {isa = PBXBuildFile; fileRef = F87944CB036A5DF0A3F639B6 /* StreaksTabView.swift */; };
		DCA16F138DB5CE3A3CAA132B /* MilestoneChecker.swift in Sources */ = {isa = PBXBuildFile; fileRef = 115EA9DA4541D332C6F92B52 /* MilestoneChecker.swift */; };
		DDEFD47D2B4E18942AFF5222 /* CompanionMenuBarView.swift in Sources */ = {isa = PBXBuildFile; fileRef = 351F2FB7472E8C674EA432D7 /* CompanionMenuBarView.swift */; };
		DE3FFF3EF156CF36BFECE6C9 /* HabitScheduler.swift in Sources */ = {isa = PBXBuildFile; fileRef = 1C58575B30AEE70BDF869325 /* HabitScheduler.swift */; };
		DEC1D84E8388783ACCA0F9B1 /* StatsView.swift in Sources */ = {isa = PBXBuildFile; fileRef = D85207EAA4E6BDDA34723068 /* StatsView.swift */; };
		DF1BB21651EE3228FDAFB7BC /* ChainTests.swift in Sources */ = {isa = PBXBuildFile; fileRef = DA1513C88D02180C028287D6 /* ChainTests.swift */; };
		DF3AB5BBA9D1F32DF36FBEFD /* CompanionMenuBarView.swift in Sources */ = {isa = PBXBuildFile; fileRef = 351F2FB7472E8C674EA432D7 /* CompanionMenuBarView.swift */; };
		E1A34629AEC271F9D96CB255 /* EntryStatus.swift in Sources */ = {isa = PBXBuildFile; fileRef = D5CD78469ED48F29028392F3 /* EntryStatus.swift */; };
		E1A98E4C3C7E7DD697A8654E /* NotificationScheduler.swift in Sources */ = {isa = PBXBuildFile; fileRef = B690AF619E69CD146AF4CF0C /* NotificationScheduler.swift */; };
		E3E3E318C5C3149F7AD9A144 /* ConnectorType.swift in Sources */ = {isa = PBXBuildFile; fileRef = A99D2F4D1712B6D857F56AD8 /* ConnectorType.swift */; };
		E842D7CB6443317375D5AE88 /* StatsCalculator.swift in Sources */ = {isa = PBXBuildFile; fileRef = E274C71B0028DDD7A628E2AC /* StatsCalculator.swift */; };
		E998B950033FB936497E1DE8 /* FirstHabitStepView.swift in Sources */ = {isa = PBXBuildFile; fileRef = BDAD741A67D01D6CCDED6C63 /* FirstHabitStepView.swift */; };
		F033DF0D8E532CA7229604C5 /* WatchPayload.swift in Sources */ = {isa = PBXBuildFile; fileRef = 080AA976001570D9B1334900 /* WatchPayload.swift */; };
		F52ED1DF4017B03D853AA0ED /* StatsView.swift in Sources */ = {isa = PBXBuildFile; fileRef = D85207EAA4E6BDDA34723068 /* StatsView.swift */; };
		F635BFCA5370D1F0B7636709 /* Assets.xcassets in Resources */ = {isa = PBXBuildFile; fileRef = 11A1CAA2B8678E83C6EE720B /* Assets.xcassets */; };
		F9522A164EB3ED17D6428253 /* ContentView.swift in Sources */ = {isa = PBXBuildFile; fileRef = 858C7BF1813A300F3D785B3F /* ContentView.swift */; };
		F9D9AF712516D642DABC075F /* MilestoneOverlayView.swift in Sources */ = {isa = PBXBuildFile; fileRef = 22D9D58978EA5906EC2A5EE5 /* MilestoneOverlayView.swift */; };
		FAFC58AC57453805D3E71200 /* NotificationScheduler.swift in Sources */ = {isa = PBXBuildFile; fileRef = B690AF619E69CD146AF4CF0C /* NotificationScheduler.swift */; };
		FBA645D56CF212AA343319D8 /* SmartNotificationScheduler.swift in Sources */ = {isa = PBXBuildFile; fileRef = ECE2FBC7EEF03605B69DF4B2 /* SmartNotificationScheduler.swift */; };
		FD6DA184BF07889762AA7D5F /* HabitEntry.swift in Sources */ = {isa = PBXBuildFile; fileRef = D4345F3E550C04591B8C6B1B /* HabitEntry.swift */; };
/* End PBXBuildFile section */

/* Begin PBXContainerItemProxy section */
		49AB9D97E13890993FAF1A43 /* PBXContainerItemProxy */ = {
			isa = PBXContainerItemProxy;
			containerPortal = F2529367372772A2D2DEC3E6 /* Project object */;
			proxyType = 1;
			remoteGlobalIDString = 8AA9F1078558F95BB30AC948;
			remoteInfo = ChainWidget;
		};
		64C8F6CE0C630037597D7712 /* PBXContainerItemProxy */ = {
			isa = PBXContainerItemProxy;
			containerPortal = F2529367372772A2D2DEC3E6 /* Project object */;
			proxyType = 1;
			remoteGlobalIDString = 2F03B27938223B3F5D161CEE;
			remoteInfo = Chain_iOS;
		};
		A3C68CBBF5721F4FBB0AB932 /* PBXContainerItemProxy */ = {
			isa = PBXContainerItemProxy;
			containerPortal = F2529367372772A2D2DEC3E6 /* Project object */;
			proxyType = 1;
			remoteGlobalIDString = 33CD165723400929AE9A5CAD;
			remoteInfo = ChainWatchWidget;
		};
		C111F4755E09FF236AFCE555 /* PBXContainerItemProxy */ = {
			isa = PBXContainerItemProxy;
			containerPortal = F2529367372772A2D2DEC3E6 /* Project object */;
			proxyType = 1;
			remoteGlobalIDString = 98270F210CF5A3666A4FFC19;
			remoteInfo = Chain_macOS;
		};
/* End PBXContainerItemProxy section */

/* Begin PBXCopyFilesBuildPhase section */
		00F0C659B4E0B85948E12853 /* Embed Foundation Extensions */ = {
			isa = PBXCopyFilesBuildPhase;
			buildActionMask = 2147483647;
			dstPath = "";
			dstSubfolderSpec = 13;
			files = (
				C26A59348E8820AA75565869 /* ChainWidget.appex in Embed Foundation Extensions */,
			);
			name = "Embed Foundation Extensions";
			runOnlyForDeploymentPostprocessing = 0;
		};
		9A3FC96275F468887225DAF0 /* Embed Foundation Extensions */ = {
			isa = PBXCopyFilesBuildPhase;
			buildActionMask = 2147483647;
			dstPath = "";
			dstSubfolderSpec = 13;
			files = (
				B418A9E33FD17AA13001A1B6 /* ChainWatchWidget.appex in Embed Foundation Extensions */,
			);
			name = "Embed Foundation Extensions";
			runOnlyForDeploymentPostprocessing = 0;
		};
/* End PBXCopyFilesBuildPhase section */

/* Begin PBXFileReference section */
		036A8817E1413F55AD514CC6 /* HabitConnector.swift */ = {isa = PBXFileReference; lastKnownFileType = sourcecode.swift; path = HabitConnector.swift; sourceTree = "<group>"; };
		080AA976001570D9B1334900 /* WatchPayload.swift */ = {isa = PBXFileReference; lastKnownFileType = sourcecode.swift; path = WatchPayload.swift; sourceTree = "<group>"; };
		08B7EF6F27598E546E42843C /* ChainWidget.entitlements */ = {isa = PBXFileReference; lastKnownFileType = text.plist.entitlements; path = ChainWidget.entitlements; sourceTree = "<group>"; };
		08FDF2B551EC9208CD7267D7 /* MenuBarPopoverView.swift */ = {isa = PBXFileReference; lastKnownFileType = sourcecode.swift; path = MenuBarPopoverView.swift; sourceTree = "<group>"; };
		0AE1D6CAC9D3FBC76ABA1F49 /* StatsCalculatorTests.swift */ = {isa = PBXFileReference; lastKnownFileType = sourcecode.swift; path = StatsCalculatorTests.swift; sourceTree = "<group>"; };
		0B6BB2EA74ECFF164EA7F790 /* HabitRowView.swift */ = {isa = PBXFileReference; lastKnownFileType = sourcecode.swift; path = HabitRowView.swift; sourceTree = "<group>"; };
		0DEA18CE42E07E855C930622 /* Info.plist */ = {isa = PBXFileReference; lastKnownFileType = text.plist; path = Info.plist; sourceTree = "<group>"; };
		0DFA43A29241B68538247A07 /* MilestoneCheckerTests.swift */ = {isa = PBXFileReference; lastKnownFileType = sourcecode.swift; path = MilestoneCheckerTests.swift; sourceTree = "<group>"; };
		103A5CC32213AFEE1B532101 /* ChainTests_iOS_Runner.xctest */ = {isa = PBXFileReference; includeInIndex = 0; lastKnownFileType = wrapper.cfbundle; path = ChainTests_iOS_Runner.xctest; sourceTree = BUILT_PRODUCTS_DIR; };
		110ECCA8B6C6F9836150A8D0 /* Companion.swift */ = {isa = PBXFileReference; lastKnownFileType = sourcecode.swift; path = Companion.swift; sourceTree = "<group>"; };
		110F5754CB4619F00A1A80A0 /* Habit.swift */ = {isa = PBXFileReference; lastKnownFileType = sourcecode.swift; path = Habit.swift; sourceTree = "<group>"; };
		115EA9DA4541D332C6F92B52 /* MilestoneChecker.swift */ = {isa = PBXFileReference; lastKnownFileType = sourcecode.swift; path = MilestoneChecker.swift; sourceTree = "<group>"; };
		11A1CAA2B8678E83C6EE720B /* Assets.xcassets */ = {isa = PBXFileReference; lastKnownFileType = folder.assetcatalog; path = Assets.xcassets; sourceTree = "<group>"; };
		11F38515D1EABCAD1F6E1A0D /* TodayView.swift */ = {isa = PBXFileReference; lastKnownFileType = sourcecode.swift; path = TodayView.swift; sourceTree = "<group>"; };
		17C40A6F34EAC97520BB4A01 /* MediumWidgetView.swift */ = {isa = PBXFileReference; lastKnownFileType = sourcecode.swift; path = MediumWidgetView.swift; sourceTree = "<group>"; };
		18D1C058FA08BB41A65504AF /* Placeholder.swift */ = {isa = PBXFileReference; lastKnownFileType = sourcecode.swift; path = Placeholder.swift; sourceTree = "<group>"; };
		1BA1C4853B88DD383F5A5840 /* ManualConnector.swift */ = {isa = PBXFileReference; lastKnownFileType = sourcecode.swift; path = ManualConnector.swift; sourceTree = "<group>"; };
		1C58575B30AEE70BDF869325 /* HabitScheduler.swift */ = {isa = PBXFileReference; lastKnownFileType = sourcecode.swift; path = HabitScheduler.swift; sourceTree = "<group>"; };
		22D9D58978EA5906EC2A5EE5 /* MilestoneOverlayView.swift */ = {isa = PBXFileReference; lastKnownFileType = sourcecode.swift; path = MilestoneOverlayView.swift; sourceTree = "<group>"; };
		22E3849012BC2D9194F8EB3A /* CompanionCardView.swift */ = {isa = PBXFileReference; lastKnownFileType = sourcecode.swift; path = CompanionCardView.swift; sourceTree = "<group>"; };
		24D772D603A90B3E63403605 /* CalendarTabView.swift */ = {isa = PBXFileReference; lastKnownFileType = sourcecode.swift; path = CalendarTabView.swift; sourceTree = "<group>"; };
		2A1F95A23A4F2942001599B9 /* ChainWatch.app */ = {isa = PBXFileReference; explicitFileType = wrapper.application; includeInIndex = 0; path = ChainWatch.app; sourceTree = BUILT_PRODUCTS_DIR; };
		2E2D604CE4DD180FA4032D5C /* .gitkeep */ = {isa = PBXFileReference; path = .gitkeep; sourceTree = "<group>"; };
		2EB48A7F4A1A26F0392F3848 /* Chain.app */ = {isa = PBXFileReference; explicitFileType = wrapper.application; includeInIndex = 0; path = Chain.app; sourceTree = BUILT_PRODUCTS_DIR; };
		33A0B64F5CF1BB8BFC243A5E /* VerifyHabitIntent.swift */ = {isa = PBXFileReference; lastKnownFileType = sourcecode.swift; path = VerifyHabitIntent.swift; sourceTree = "<group>"; };
		33F6B277E81ED80394B93E1F /* StreakCalculator.swift */ = {isa = PBXFileReference; lastKnownFileType = sourcecode.swift; path = StreakCalculator.swift; sourceTree = "<group>"; };
		351F2FB7472E8C674EA432D7 /* CompanionMenuBarView.swift */ = {isa = PBXFileReference; lastKnownFileType = sourcecode.swift; path = CompanionMenuBarView.swift; sourceTree = "<group>"; };
		45C2E89F7F834BE708096D83 /* HabitsListView.swift */ = {isa = PBXFileReference; lastKnownFileType = sourcecode.swift; path = HabitsListView.swift; sourceTree = "<group>"; };
		46AD2DDA1C69D9938657A6D1 /* ChainWidget.appex */ = {isa = PBXFileReference; includeInIndex = 0; lastKnownFileType = "wrapper.app-extension"; path = ChainWidget.appex; sourceTree = BUILT_PRODUCTS_DIR; };
		482F7D4C1697B2C905D489C5 /* ChainWidgetBundle.swift */ = {isa = PBXFileReference; lastKnownFileType = sourcecode.swift; path = ChainWidgetBundle.swift; sourceTree = "<group>"; };
		4F0377F65B6082DE39D23F20 /* WidgetEntry.swift */ = {isa = PBXFileReference; lastKnownFileType = sourcecode.swift; path = WidgetEntry.swift; sourceTree = "<group>"; };
		50E2AF026A13B3693E06ECB9 /* ManualConnectorTests.swift */ = {isa = PBXFileReference; lastKnownFileType = sourcecode.swift; path = ManualConnectorTests.swift; sourceTree = "<group>"; };
		5417324671F4776595B499F1 /* SmallWidgetView.swift */ = {isa = PBXFileReference; lastKnownFileType = sourcecode.swift; path = SmallWidgetView.swift; sourceTree = "<group>"; };
		5ABFFCCECD369097CB50CBD8 /* MCPConnectorTests.swift */ = {isa = PBXFileReference; lastKnownFileType = sourcecode.swift; path = MCPConnectorTests.swift; sourceTree = "<group>"; };
		5E600FB907F14047642A5414 /* MCPConnector.swift */ = {isa = PBXFileReference; lastKnownFileType = sourcecode.swift; path = MCPConnector.swift; sourceTree = "<group>"; };
		5E65DA9071AB8B932FB17E2F /* LockScreenWidgetView.swift */ = {isa = PBXFileReference; lastKnownFileType = sourcecode.swift; path = LockScreenWidgetView.swift; sourceTree = "<group>"; };
		606544F205C02C0BD8D95939 /* ChainTests.xctest */ = {isa = PBXFileReference; explicitFileType = wrapper.cfbundle; includeInIndex = 0; path = ChainTests.xctest; sourceTree = BUILT_PRODUCTS_DIR; };
		61220B47D78BEE25F01A0D27 /* Chain.app */ = {isa = PBXFileReference; includeInIndex = 0; lastKnownFileType = wrapper.application; path = Chain.app; sourceTree = BUILT_PRODUCTS_DIR; };
		625996AF3B95237E3961493B /* PermissionsStepView.swift */ = {isa = PBXFileReference; lastKnownFileType = sourcecode.swift; path = PermissionsStepView.swift; sourceTree = "<group>"; };
		65D97B39FFB6037E1F589512 /* SettingsView.swift */ = {isa = PBXFileReference; lastKnownFileType = sourcecode.swift; path = SettingsView.swift; sourceTree = "<group>"; };
		6A6F493FB76B1F252D07015B /* CompanionSettingsView.swift */ = {isa = PBXFileReference; lastKnownFileType = sourcecode.swift; path = CompanionSettingsView.swift; sourceTree = "<group>"; };
		70DFAB81ED438401E84B2E1D /* HabitSchedulerTests.swift */ = {isa = PBXFileReference; lastKnownFileType = sourcecode.swift; path = HabitSchedulerTests.swift; sourceTree = "<group>"; };
		73C91D72B20EC86EEE1D9494 /* StreakCalculatorTests.swift */ = {isa = PBXFileReference; lastKnownFileType = sourcecode.swift; path = StreakCalculatorTests.swift; sourceTree = "<group>"; };
		751CE9EF6EA0304F0ED12091 /* HealthKitConnector.swift */ = {isa = PBXFileReference; lastKnownFileType = sourcecode.swift; path = HealthKitConnector.swift; sourceTree = "<group>"; };
		75F17E22EDE72F967E432D38 /* MenuBarIconView.swift */ = {isa = PBXFileReference; lastKnownFileType = sourcecode.swift; path = MenuBarIconView.swift; sourceTree = "<group>"; };
		768967B3357332EFF8A61AE0 /* WelcomeStepView.swift */ = {isa = PBXFileReference; lastKnownFileType = sourcecode.swift; path = WelcomeStepView.swift; sourceTree = "<group>"; };
		7E028611E3C1E028B06A665C /* OnboardingView.swift */ = {isa = PBXFileReference; lastKnownFileType = sourcecode.swift; path = OnboardingView.swift; sourceTree = "<group>"; };
		858C7BF1813A300F3D785B3F /* ContentView.swift */ = {isa = PBXFileReference; lastKnownFileType = sourcecode.swift; path = ContentView.swift; sourceTree = "<group>"; };
		887FFBAFD32F44A4BEEDC685 /* .gitkeep */ = {isa = PBXFileReference; path = .gitkeep; sourceTree = "<group>"; };
		906E59BF2644B3A3C36EB2F6 /* Info.plist */ = {isa = PBXFileReference; lastKnownFileType = text.plist; path = Info.plist; sourceTree = "<group>"; };
		93BA8CCA932CFD92C6C64214 /* MenuBarHabitRowView.swift */ = {isa = PBXFileReference; lastKnownFileType = sourcecode.swift; path = MenuBarHabitRowView.swift; sourceTree = "<group>"; };
		9AF761615DE746BC495D2F90 /* Info.plist */ = {isa = PBXFileReference; lastKnownFileType = text.plist; path = Info.plist; sourceTree = "<group>"; };
		9B13448DCC9402B8887BC6B2 /* .gitkeep */ = {isa = PBXFileReference; path = .gitkeep; sourceTree = "<group>"; };
		9EBED8C7ED3F28BB48B2E19A /* WatchPayloadTests.swift */ = {isa = PBXFileReference; lastKnownFileType = sourcecode.swift; path = WatchPayloadTests.swift; sourceTree = "<group>"; };
		A0CD9CB57225D22C43D049D2 /* SummaryTabView.swift */ = {isa = PBXFileReference; lastKnownFileType = sourcecode.swift; path = SummaryTabView.swift; sourceTree = "<group>"; };
		A99D2F4D1712B6D857F56AD8 /* ConnectorType.swift */ = {isa = PBXFileReference; lastKnownFileType = sourcecode.swift; path = ConnectorType.swift; sourceTree = "<group>"; };
		ADF457D86871CD459F03ADCA /* KeychainHelperTests.swift */ = {isa = PBXFileReference; lastKnownFileType = sourcecode.swift; path = KeychainHelperTests.swift; sourceTree = "<group>"; };
		AE0B941C8F0E6DFDE4E24FF8 /* .gitkeep */ = {isa = PBXFileReference; path = .gitkeep; sourceTree = "<group>"; };
		B089AD5A1375FF6D5E24BAF5 /* CompanionEngine.swift */ = {isa = PBXFileReference; lastKnownFileType = sourcecode.swift; path = CompanionEngine.swift; sourceTree = "<group>"; };
		B690AF619E69CD146AF4CF0C /* NotificationScheduler.swift */ = {isa = PBXFileReference; lastKnownFileType = sourcecode.swift; path = NotificationScheduler.swift; sourceTree = "<group>"; };
		BDAD741A67D01D6CCDED6C63 /* FirstHabitStepView.swift */ = {isa = PBXFileReference; lastKnownFileType = sourcecode.swift; path = FirstHabitStepView.swift; sourceTree = "<group>"; };
		BFBEC883246D233E225DEE33 /* Chain.entitlements */ = {isa = PBXFileReference; lastKnownFileType = text.plist.entitlements; path = Chain.entitlements; sourceTree = "<group>"; };
		C429E91D7CAF7E002E6EFFEA /* CompanionEngineTests.swift */ = {isa = PBXFileReference; lastKnownFileType = sourcecode.swift; path = CompanionEngineTests.swift; sourceTree = "<group>"; };
		C4A1A5E64A16187982432F0F /* ChainApp.swift */ = {isa = PBXFileReference; lastKnownFileType = sourcecode.swift; path = ChainApp.swift; sourceTree = "<group>"; };
		C76C193A6FBD1173EC6E8AEC /* .gitkeep */ = {isa = PBXFileReference; path = .gitkeep; sourceTree = "<group>"; };
		CA2D7E16DE667BEAD2F11886 /* AddHabitView.swift */ = {isa = PBXFileReference; lastKnownFileType = sourcecode.swift; path = AddHabitView.swift; sourceTree = "<group>"; };
		CD3C1FA55345E35BF6D1E9D4 /* .gitkeep */ = {isa = PBXFileReference; path = .gitkeep; sourceTree = "<group>"; };
		CDEA0A79C46FA11232711AE3 /* ScreenshotPickerView.swift */ = {isa = PBXFileReference; lastKnownFileType = sourcecode.swift; path = ScreenshotPickerView.swift; sourceTree = "<group>"; };
		CE8B8D0A900D74D806DB235B /* WatchConnectivity.framework */ = {isa = PBXFileReference; lastKnownFileType = wrapper.framework; name = WatchConnectivity.framework; path = System/Library/Frameworks/WatchConnectivity.framework; sourceTree = SDKROOT; };
		CEB7E4F7A88B67C7E35EC5C7 /* ModelContainerFactory.swift */ = {isa = PBXFileReference; lastKnownFileType = sourcecode.swift; path = ModelContainerFactory.swift; sourceTree = "<group>"; };
		CFAB80B95BF7DE3461C2B3AF /* Info.plist */ = {isa = PBXFileReference; lastKnownFileType = text.plist; path = Info.plist; sourceTree = "<group>"; };
		D4345F3E550C04591B8C6B1B /* HabitEntry.swift */ = {isa = PBXFileReference; lastKnownFileType = sourcecode.swift; path = HabitEntry.swift; sourceTree = "<group>"; };
		D581886FE0160DB85EA4D712 /* Placeholder.swift */ = {isa = PBXFileReference; lastKnownFileType = sourcecode.swift; path = Placeholder.swift; sourceTree = "<group>"; };
		D5CD78469ED48F29028392F3 /* EntryStatus.swift */ = {isa = PBXFileReference; lastKnownFileType = sourcecode.swift; path = EntryStatus.swift; sourceTree = "<group>"; };
		D6A278E9AA973FC96DC33966 /* Frequency.swift */ = {isa = PBXFileReference; lastKnownFileType = sourcecode.swift; path = Frequency.swift; sourceTree = "<group>"; };
		D85207EAA4E6BDDA34723068 /* StatsView.swift */ = {isa = PBXFileReference; lastKnownFileType = sourcecode.swift; path = StatsView.swift; sourceTree = "<group>"; };
		D86FCC49BE498A02306E92DF /* KeychainHelper.swift */ = {isa = PBXFileReference; lastKnownFileType = sourcecode.swift; path = KeychainHelper.swift; sourceTree = "<group>"; };
		DA1513C88D02180C028287D6 /* ChainTests.swift */ = {isa = PBXFileReference; lastKnownFileType = sourcecode.swift; path = ChainTests.swift; sourceTree = "<group>"; };
		E274C71B0028DDD7A628E2AC /* StatsCalculator.swift */ = {isa = PBXFileReference; lastKnownFileType = sourcecode.swift; path = StatsCalculator.swift; sourceTree = "<group>"; };
		EAA81270A38CFB2168390D4D /* ChainWatchWidget.appex */ = {isa = PBXFileReference; explicitFileType = "wrapper.app-extension"; includeInIndex = 0; path = ChainWatchWidget.appex; sourceTree = BUILT_PRODUCTS_DIR; };
		ECE2FBC7EEF03605B69DF4B2 /* SmartNotificationScheduler.swift */ = {isa = PBXFileReference; lastKnownFileType = sourcecode.swift; path = SmartNotificationScheduler.swift; sourceTree = "<group>"; };
		ECFF1F63BF5F5AC05A62444D /* .gitkeep */ = {isa = PBXFileReference; path = .gitkeep; sourceTree = "<group>"; };
		F2ACACE63CAE2F27E9FD9DB9 /* ConnectorService.swift */ = {isa = PBXFileReference; lastKnownFileType = sourcecode.swift; path = ConnectorService.swift; sourceTree = "<group>"; };
		F32A32D8C50AA7A952B3AECA /* HabitVerifier.swift */ = {isa = PBXFileReference; lastKnownFileType = sourcecode.swift; path = HabitVerifier.swift; sourceTree = "<group>"; };
		F87944CB036A5DF0A3F639B6 /* StreaksTabView.swift */ = {isa = PBXFileReference; lastKnownFileType = sourcecode.swift; path = StreaksTabView.swift; sourceTree = "<group>"; };
		FC4A8F06FFB4087015E984C7 /* Provider.swift */ = {isa = PBXFileReference; lastKnownFileType = sourcecode.swift; path = Provider.swift; sourceTree = "<group>"; };
		FDBC1CD454387DFD7425E88B /* GoalConfig.swift */ = {isa = PBXFileReference; lastKnownFileType = sourcecode.swift; path = GoalConfig.swift; sourceTree = "<group>"; };
/* End PBXFileReference section */

/* Begin PBXFrameworksBuildPhase section */
		3CCD25F5A55F03617BA92A10 /* Frameworks */ = {
			isa = PBXFrameworksBuildPhase;
			buildActionMask = 2147483647;
			files = (
				6A96EEBA0DDE4B47984D144B /* WatchConnectivity.framework in Frameworks */,
			);
			runOnlyForDeploymentPostprocessing = 0;
		};
		9EBE63175FC6EFB19BE264EC /* Frameworks */ = {
			isa = PBXFrameworksBuildPhase;
			buildActionMask = 2147483647;
			files = (
				A8D62669212AB4ED304E1E68 /* WatchConnectivity.framework in Frameworks */,
			);
			runOnlyForDeploymentPostprocessing = 0;
		};
/* End PBXFrameworksBuildPhase section */

/* Begin PBXGroup section */
		2889B09D47CB6ADC496CC9BE /* Today */ = {
			isa = PBXGroup;
			children = (
				C76C193A6FBD1173EC6E8AEC /* .gitkeep */,
				0B6BB2EA74ECFF164EA7F790 /* HabitRowView.swift */,
				22D9D58978EA5906EC2A5EE5 /* MilestoneOverlayView.swift */,
				CDEA0A79C46FA11232711AE3 /* ScreenshotPickerView.swift */,
				11F38515D1EABCAD1F6E1A0D /* TodayView.swift */,
			);
			path = Today;
			sourceTree = "<group>";
		};
		28D6B859AFDE4E93571E5475 /* ChainTests */ = {
			isa = PBXGroup;
			children = (
				DA1513C88D02180C028287D6 /* ChainTests.swift */,
				C429E91D7CAF7E002E6EFFEA /* CompanionEngineTests.swift */,
				70DFAB81ED438401E84B2E1D /* HabitSchedulerTests.swift */,
				ADF457D86871CD459F03ADCA /* KeychainHelperTests.swift */,
				50E2AF026A13B3693E06ECB9 /* ManualConnectorTests.swift */,
				5ABFFCCECD369097CB50CBD8 /* MCPConnectorTests.swift */,
				0DFA43A29241B68538247A07 /* MilestoneCheckerTests.swift */,
				0AE1D6CAC9D3FBC76ABA1F49 /* StatsCalculatorTests.swift */,
				73C91D72B20EC86EEE1D9494 /* StreakCalculatorTests.swift */,
				9EBED8C7ED3F28BB48B2E19A /* WatchPayloadTests.swift */,
			);
			path = ChainTests;
			sourceTree = "<group>";
		};
		3CCCA623A8016328939ACB02 /* Views */ = {
			isa = PBXGroup;
			children = (
				FEAF1D062E6242861B567827 /* Companion */,
				547DC41D7CD945A84975569B /* Habits */,
				584A90479B0DEB3348CE3876 /* MenuBar */,
				59D4646B3540D88F07343924 /* Onboarding */,
				CD9B661BF392D04CBE63F0C2 /* Settings */,
				B5FF0917A8E5B3B36A1FD91D /* Stats */,
				2889B09D47CB6ADC496CC9BE /* Today */,
			);
			path = Views;
			sourceTree = "<group>";
		};
		547DC41D7CD945A84975569B /* Habits */ = {
			isa = PBXGroup;
			children = (
				2E2D604CE4DD180FA4032D5C /* .gitkeep */,
				CA2D7E16DE667BEAD2F11886 /* AddHabitView.swift */,
				45C2E89F7F834BE708096D83 /* HabitsListView.swift */,
			);
			path = Habits;
			sourceTree = "<group>";
		};
		584A90479B0DEB3348CE3876 /* MenuBar */ = {
			isa = PBXGroup;
			children = (
				93BA8CCA932CFD92C6C64214 /* MenuBarHabitRowView.swift */,
				75F17E22EDE72F967E432D38 /* MenuBarIconView.swift */,
				08FDF2B551EC9208CD7267D7 /* MenuBarPopoverView.swift */,
			);
			path = MenuBar;
			sourceTree = "<group>";
		};
		59D4646B3540D88F07343924 /* Onboarding */ = {
			isa = PBXGroup;
			children = (
				BDAD741A67D01D6CCDED6C63 /* FirstHabitStepView.swift */,
				7E028611E3C1E028B06A665C /* OnboardingView.swift */,
				625996AF3B95237E3961493B /* PermissionsStepView.swift */,
				768967B3357332EFF8A61AE0 /* WelcomeStepView.swift */,
			);
			path = Onboarding;
			sourceTree = "<group>";
		};
		79754885D24B0B4BCDD65925 /* Frameworks */ = {
			isa = PBXGroup;
			children = (
				CE8B8D0A900D74D806DB235B /* WatchConnectivity.framework */,
			);
			name = Frameworks;
			sourceTree = "<group>";
		};
		85FF803429A3525081D4AAC0 /* Domain */ = {
			isa = PBXGroup;
			children = (
				9B13448DCC9402B8887BC6B2 /* .gitkeep */,
				B089AD5A1375FF6D5E24BAF5 /* CompanionEngine.swift */,
				1C58575B30AEE70BDF869325 /* HabitScheduler.swift */,
				115EA9DA4541D332C6F92B52 /* MilestoneChecker.swift */,
				E274C71B0028DDD7A628E2AC /* StatsCalculator.swift */,
				33F6B277E81ED80394B93E1F /* StreakCalculator.swift */,
			);
			name = Domain;
			path = Chain/Domain;
			sourceTree = "<group>";
		};
		86745C69DF35A8076EFFA6D1 /* Products */ = {
			isa = PBXGroup;
			children = (
				61220B47D78BEE25F01A0D27 /* Chain.app */,
				2EB48A7F4A1A26F0392F3848 /* Chain.app */,
				103A5CC32213AFEE1B532101 /* ChainTests_iOS_Runner.xctest */,
				606544F205C02C0BD8D95939 /* ChainTests.xctest */,
				2A1F95A23A4F2942001599B9 /* ChainWatch.app */,
				EAA81270A38CFB2168390D4D /* ChainWatchWidget.appex */,
				46AD2DDA1C69D9938657A6D1 /* ChainWidget.appex */,
			);
			name = Products;
			sourceTree = "<group>";
		};
		8FE0AA837164285C91E926D4 /* Persistence */ = {
			isa = PBXGroup;
			children = (
				CEB7E4F7A88B67C7E35EC5C7 /* ModelContainerFactory.swift */,
			);
			name = Persistence;
			path = Chain/Persistence;
			sourceTree = "<group>";
		};
		B5FF0917A8E5B3B36A1FD91D /* Stats */ = {
			isa = PBXGroup;
			children = (
				AE0B941C8F0E6DFDE4E24FF8 /* .gitkeep */,
				24D772D603A90B3E63403605 /* CalendarTabView.swift */,
				D85207EAA4E6BDDA34723068 /* StatsView.swift */,
				F87944CB036A5DF0A3F639B6 /* StreaksTabView.swift */,
				A0CD9CB57225D22C43D049D2 /* SummaryTabView.swift */,
			);
			path = Stats;
			sourceTree = "<group>";
		};
		B9A45703D81EF797A375313F /* ChainWatchWidget */ = {
			isa = PBXGroup;
			children = (
				9AF761615DE746BC495D2F90 /* Info.plist */,
				18D1C058FA08BB41A65504AF /* Placeholder.swift */,
			);
			path = ChainWatchWidget;
			sourceTree = "<group>";
		};
		BF67769B41B0064B44FE27EB /* Chain */ = {
			isa = PBXGroup;
			children = (
				11A1CAA2B8678E83C6EE720B /* Assets.xcassets */,
				BFBEC883246D233E225DEE33 /* Chain.entitlements */,
				C4A1A5E64A16187982432F0F /* ChainApp.swift */,
				F53D724E60D8D743496B4EF6 /* Connectors */,
				858C7BF1813A300F3D785B3F /* ContentView.swift */,
				85FF803429A3525081D4AAC0 /* Domain */,
				0DEA18CE42E07E855C930622 /* Info.plist */,
				E10AD388028C2639AB6766B5 /* Models */,
				8FE0AA837164285C91E926D4 /* Persistence */,
				3CCCA623A8016328939ACB02 /* Views */,
			);
			path = Chain;
			sourceTree = "<group>";
		};
		C8EEC1FEA171FB9F44FCB71E = {
			isa = PBXGroup;
			children = (
				BF67769B41B0064B44FE27EB /* Chain */,
				28D6B859AFDE4E93571E5475 /* ChainTests */,
				F8404308934623F62F8DC808 /* ChainWatch */,
				B9A45703D81EF797A375313F /* ChainWatchWidget */,
				DE61D5B5BBD30FBA98718660 /* ChainWidget */,
				85FF803429A3525081D4AAC0 /* Domain */,
				E10AD388028C2639AB6766B5 /* Models */,
				8FE0AA837164285C91E926D4 /* Persistence */,
				79754885D24B0B4BCDD65925 /* Frameworks */,
				86745C69DF35A8076EFFA6D1 /* Products */,
			);
			sourceTree = "<group>";
		};
		CD9B661BF392D04CBE63F0C2 /* Settings */ = {
			isa = PBXGroup;
			children = (
				CD3C1FA55345E35BF6D1E9D4 /* .gitkeep */,
				6A6F493FB76B1F252D07015B /* CompanionSettingsView.swift */,
				65D97B39FFB6037E1F589512 /* SettingsView.swift */,
			);
			path = Settings;
			sourceTree = "<group>";
		};
		DE61D5B5BBD30FBA98718660 /* ChainWidget */ = {
			isa = PBXGroup;
			children = (
				08B7EF6F27598E546E42843C /* ChainWidget.entitlements */,
				482F7D4C1697B2C905D489C5 /* ChainWidgetBundle.swift */,
				CFAB80B95BF7DE3461C2B3AF /* Info.plist */,
				5E65DA9071AB8B932FB17E2F /* LockScreenWidgetView.swift */,
				17C40A6F34EAC97520BB4A01 /* MediumWidgetView.swift */,
				FC4A8F06FFB4087015E984C7 /* Provider.swift */,
				5417324671F4776595B499F1 /* SmallWidgetView.swift */,
				33A0B64F5CF1BB8BFC243A5E /* VerifyHabitIntent.swift */,
				4F0377F65B6082DE39D23F20 /* WidgetEntry.swift */,
			);
			path = ChainWidget;
			sourceTree = "<group>";
		};
		E10AD388028C2639AB6766B5 /* Models */ = {
			isa = PBXGroup;
			children = (
				ECFF1F63BF5F5AC05A62444D /* .gitkeep */,
				110ECCA8B6C6F9836150A8D0 /* Companion.swift */,
				A99D2F4D1712B6D857F56AD8 /* ConnectorType.swift */,
				D5CD78469ED48F29028392F3 /* EntryStatus.swift */,
				D6A278E9AA973FC96DC33966 /* Frequency.swift */,
				FDBC1CD454387DFD7425E88B /* GoalConfig.swift */,
				110F5754CB4619F00A1A80A0 /* Habit.swift */,
				D4345F3E550C04591B8C6B1B /* HabitEntry.swift */,
				080AA976001570D9B1334900 /* WatchPayload.swift */,
			);
			name = Models;
			path = Chain/Models;
			sourceTree = "<group>";
		};
		F53D724E60D8D743496B4EF6 /* Connectors */ = {
			isa = PBXGroup;
			children = (
				887FFBAFD32F44A4BEEDC685 /* .gitkeep */,
				F2ACACE63CAE2F27E9FD9DB9 /* ConnectorService.swift */,
				036A8817E1413F55AD514CC6 /* HabitConnector.swift */,
				F32A32D8C50AA7A952B3AECA /* HabitVerifier.swift */,
				751CE9EF6EA0304F0ED12091 /* HealthKitConnector.swift */,
				D86FCC49BE498A02306E92DF /* KeychainHelper.swift */,
				1BA1C4853B88DD383F5A5840 /* ManualConnector.swift */,
				5E600FB907F14047642A5414 /* MCPConnector.swift */,
				B690AF619E69CD146AF4CF0C /* NotificationScheduler.swift */,
				ECE2FBC7EEF03605B69DF4B2 /* SmartNotificationScheduler.swift */,
			);
			path = Connectors;
			sourceTree = "<group>";
		};
		F8404308934623F62F8DC808 /* ChainWatch */ = {
			isa = PBXGroup;
			children = (
				906E59BF2644B3A3C36EB2F6 /* Info.plist */,
				D581886FE0160DB85EA4D712 /* Placeholder.swift */,
			);
			path = ChainWatch;
			sourceTree = "<group>";
		};
		FEAF1D062E6242861B567827 /* Companion */ = {
			isa = PBXGroup;
			children = (
				22E3849012BC2D9194F8EB3A /* CompanionCardView.swift */,
				351F2FB7472E8C674EA432D7 /* CompanionMenuBarView.swift */,
			);
			path = Companion;
			sourceTree = "<group>";
		};
/* End PBXGroup section */

/* Begin PBXNativeTarget section */
		2F03B27938223B3F5D161CEE /* Chain_iOS */ = {
			isa = PBXNativeTarget;
			buildConfigurationList = F384AFC7EB386121BB9BCA5F /* Build configuration list for PBXNativeTarget "Chain_iOS" */;
			buildPhases = (
				1B2A6A7158F0E4F3E7B88C0C /* Sources */,
				485FB6789785C038E37EADA0 /* Resources */,
				3CCD25F5A55F03617BA92A10 /* Frameworks */,
				00F0C659B4E0B85948E12853 /* Embed Foundation Extensions */,
			);
			buildRules = (
			);
			dependencies = (
				7780EC8A3CFA3C569F0C5275 /* PBXTargetDependency */,
			);
			name = Chain_iOS;
			packageProductDependencies = (
			);
			productName = Chain_iOS;
			productReference = 61220B47D78BEE25F01A0D27 /* Chain.app */;
			productType = "com.apple.product-type.application";
		};
		33CD165723400929AE9A5CAD /* ChainWatchWidget */ = {
			isa = PBXNativeTarget;
			buildConfigurationList = 6AF127CE050861AB11FC3855 /* Build configuration list for PBXNativeTarget "ChainWatchWidget" */;
			buildPhases = (
				14FA28CFD75D56C955BFA46D /* Sources */,
			);
			buildRules = (
			);
			dependencies = (
			);
			name = ChainWatchWidget;
			packageProductDependencies = (
			);
			productName = ChainWatchWidget;
			productReference = EAA81270A38CFB2168390D4D /* ChainWatchWidget.appex */;
			productType = "com.apple.product-type.app-extension";
		};
		384A81FC3BAFA0B16DE98DB3 /* ChainWatch */ = {
			isa = PBXNativeTarget;
			buildConfigurationList = A68403FBACF77EE31865FE5B /* Build configuration list for PBXNativeTarget "ChainWatch" */;
			buildPhases = (
				E6453B5F103777719B490AD1 /* Sources */,
				9EBE63175FC6EFB19BE264EC /* Frameworks */,
				9A3FC96275F468887225DAF0 /* Embed Foundation Extensions */,
			);
			buildRules = (
			);
			dependencies = (
				D16D804D0A1364E6E071FE9C /* PBXTargetDependency */,
			);
			name = ChainWatch;
			packageProductDependencies = (
			);
			productName = ChainWatch;
			productReference = 2A1F95A23A4F2942001599B9 /* ChainWatch.app */;
			productType = "com.apple.product-type.application";
		};
		706EF739ED6902B4AAEC6C8F /* ChainTests_iOS_Runner */ = {
			isa = PBXNativeTarget;
			buildConfigurationList = 4E3E905F510913CC4F15E7E4 /* Build configuration list for PBXNativeTarget "ChainTests_iOS_Runner" */;
			buildPhases = (
				83371E2E34063B107234FD3D /* Sources */,
			);
			buildRules = (
			);
			dependencies = (
				CD628332BEDD5C93B495994E /* PBXTargetDependency */,
			);
			name = ChainTests_iOS_Runner;
			packageProductDependencies = (
			);
			productName = ChainTests_iOS_Runner;
			productReference = 103A5CC32213AFEE1B532101 /* ChainTests_iOS_Runner.xctest */;
			productType = "com.apple.product-type.bundle.unit-test";
		};
		7F2A2189BAE607D678F39A66 /* ChainTests */ = {
			isa = PBXNativeTarget;
			buildConfigurationList = 37CD340410FF9A69E42B229A /* Build configuration list for PBXNativeTarget "ChainTests" */;
			buildPhases = (
				59C2A7E19CED7890B3A0403E /* Sources */,
			);
			buildRules = (
			);
			dependencies = (
				F6932C78E3A665599CEDDCDB /* PBXTargetDependency */,
			);
			name = ChainTests;
			packageProductDependencies = (
			);
			productName = ChainTests;
			productReference = 606544F205C02C0BD8D95939 /* ChainTests.xctest */;
			productType = "com.apple.product-type.bundle.unit-test";
		};
		8AA9F1078558F95BB30AC948 /* ChainWidget */ = {
			isa = PBXNativeTarget;
			buildConfigurationList = 875F16AA28E2F28DE996B8F0 /* Build configuration list for PBXNativeTarget "ChainWidget" */;
			buildPhases = (
				AD1298A1AE6B13FD679D0A40 /* Sources */,
			);
			buildRules = (
			);
			dependencies = (
			);
			name = ChainWidget;
			packageProductDependencies = (
			);
			productName = ChainWidget;
			productReference = 46AD2DDA1C69D9938657A6D1 /* ChainWidget.appex */;
			productType = "com.apple.product-type.app-extension";
		};
		98270F210CF5A3666A4FFC19 /* Chain_macOS */ = {
			isa = PBXNativeTarget;
			buildConfigurationList = 16FBB52BD5D2B18D672A5C13 /* Build configuration list for PBXNativeTarget "Chain_macOS" */;
			buildPhases = (
				8AFF03AC718B57783B277C49 /* Sources */,
				0FFF30E716AB65C34E7DB1B8 /* Resources */,
			);
			buildRules = (
			);
			dependencies = (
			);
			name = Chain_macOS;
			packageProductDependencies = (
			);
			productName = Chain_macOS;
			productReference = 2EB48A7F4A1A26F0392F3848 /* Chain.app */;
			productType = "com.apple.product-type.application";
		};
/* End PBXNativeTarget section */

/* Begin PBXProject section */
		F2529367372772A2D2DEC3E6 /* Project object */ = {
			isa = PBXProject;
			attributes = {
				BuildIndependentTargetsInParallel = YES;
				LastUpgradeCheck = 1600;
				TargetAttributes = {
					2F03B27938223B3F5D161CEE = {
						DevelopmentTeam = "";
						ProvisioningStyle = Automatic;
					};
					98270F210CF5A3666A4FFC19 = {
						DevelopmentTeam = "";
						ProvisioningStyle = Automatic;
					};
				};
			};
			buildConfigurationList = 1F74FB8BD6EF7DE16D994F16 /* Build configuration list for PBXProject "Chain" */;
			developmentRegion = en;
			hasScannedForEncodings = 0;
			knownRegions = (
				Base,
				en,
			);
			mainGroup = C8EEC1FEA171FB9F44FCB71E;
			minimizedProjectReferenceProxies = 1;
			preferredProjectObjectVersion = 77;
			productRefGroup = 86745C69DF35A8076EFFA6D1 /* Products */;
			projectDirPath = "";
			projectRoot = "";
			targets = (
				7F2A2189BAE607D678F39A66 /* ChainTests */,
				706EF739ED6902B4AAEC6C8F /* ChainTests_iOS_Runner */,
				384A81FC3BAFA0B16DE98DB3 /* ChainWatch */,
				33CD165723400929AE9A5CAD /* ChainWatchWidget */,
				8AA9F1078558F95BB30AC948 /* ChainWidget */,
				2F03B27938223B3F5D161CEE /* Chain_iOS */,
				98270F210CF5A3666A4FFC19 /* Chain_macOS */,
			);
		};
/* End PBXProject section */

/* Begin PBXResourcesBuildPhase section */
		0FFF30E716AB65C34E7DB1B8 /* Resources */ = {
			isa = PBXResourcesBuildPhase;
			buildActionMask = 2147483647;
			files = (
				68EA2B68F9BFBA5B38605A74 /* Assets.xcassets in Resources */,
			);
			runOnlyForDeploymentPostprocessing = 0;
		};
		485FB6789785C038E37EADA0 /* Resources */ = {
			isa = PBXResourcesBuildPhase;
			buildActionMask = 2147483647;
			files = (
				F635BFCA5370D1F0B7636709 /* Assets.xcassets in Resources */,
			);
			runOnlyForDeploymentPostprocessing = 0;
		};
/* End PBXResourcesBuildPhase section */

/* Begin PBXSourcesBuildPhase section */
		14FA28CFD75D56C955BFA46D /* Sources */ = {
			isa = PBXSourcesBuildPhase;
			buildActionMask = 2147483647;
			files = (
				B26C96522F45ED965879A438 /* Companion.swift in Sources */,
				D8769F8F3FAD968C773471E1 /* CompanionEngine.swift in Sources */,
				1B45F951CB034F7BB710AF92 /* ConnectorType.swift in Sources */,
				E1A34629AEC271F9D96CB255 /* EntryStatus.swift in Sources */,
				2E167D441A50B5D542420E55 /* Frequency.swift in Sources */,
				B626671CDC7A24EB11862CF5 /* GoalConfig.swift in Sources */,
				38A80E382E5702D43F364FFF /* Habit.swift in Sources */,
				0A83FC4190C7B60F1172A9F9 /* HabitEntry.swift in Sources */,
				DE3FFF3EF156CF36BFECE6C9 /* HabitScheduler.swift in Sources */,
				37C70DCA2EA71F0C720B0142 /* MilestoneChecker.swift in Sources */,
				CAA1F5C55EA134FBFAD9865A /* Placeholder.swift in Sources */,
				30B51072A93A2AD50C5B4A9B /* StatsCalculator.swift in Sources */,
				D746436B9610142E1180E421 /* StreakCalculator.swift in Sources */,
				C8F4A155B10CFED68E4BE7CF /* WatchPayload.swift in Sources */,
			);
			runOnlyForDeploymentPostprocessing = 0;
		};
		1B2A6A7158F0E4F3E7B88C0C /* Sources */ = {
			isa = PBXSourcesBuildPhase;
			buildActionMask = 2147483647;
			files = (
				B23DAEB26A81B1393A1225B9 /* AddHabitView.swift in Sources */,
				2BA05AB2080CA2464E803661 /* CalendarTabView.swift in Sources */,
				AC8476CC1F11D511CC92E468 /* ChainApp.swift in Sources */,
				79A44A6ABCE8D583376EC94F /* Companion.swift in Sources */,
				8C8221A00FC9E42D4A53A15B /* CompanionCardView.swift in Sources */,
				1A2273FD6731B318A4E5FD4C /* CompanionEngine.swift in Sources */,
				DF3AB5BBA9D1F32DF36FBEFD /* CompanionMenuBarView.swift in Sources */,
				6E8974FBF82AA714B9C28CA0 /* CompanionSettingsView.swift in Sources */,
				6EE42FACE9FC79ABA1008A60 /* ConnectorService.swift in Sources */,
				02E414E4260E00D45CFE0D53 /* ConnectorType.swift in Sources */,
				6DC5194D3A6C357CCFF35377 /* ContentView.swift in Sources */,
				2CA3FDEE3A53A0F3355101B8 /* EntryStatus.swift in Sources */,
				E998B950033FB936497E1DE8 /* FirstHabitStepView.swift in Sources */,
				479A86F8D5FD07BDA1FA528D /* Frequency.swift in Sources */,
				5FF75336D7E21679816A5D99 /* GoalConfig.swift in Sources */,
				7E5EBCCB40F06EFE961E6CFE /* Habit.swift in Sources */,
				30E4A1341CA20AEE3FB49F62 /* HabitConnector.swift in Sources */,
				162F639ABE048566AE02F160 /* HabitEntry.swift in Sources */,
				5EC31D61308280E974AC25A2 /* HabitRowView.swift in Sources */,
				61C717506B4C440269EC0640 /* HabitScheduler.swift in Sources */,
				AB4CD3CCCBD36380454201E7 /* HabitVerifier.swift in Sources */,
				07D6FB38F86A3B025BE417E2 /* HabitsListView.swift in Sources */,
				BBAFB47A4B3AAED8F3B3EFF1 /* HealthKitConnector.swift in Sources */,
				3AB3026CEFC4576F07087F01 /* KeychainHelper.swift in Sources */,
				55BFD08F3CB5F58D615573BA /* MCPConnector.swift in Sources */,
				7153038442E5791937ED39A1 /* ManualConnector.swift in Sources */,
				32FA90EF579FF115F5CC1A49 /* MenuBarHabitRowView.swift in Sources */,
				8CFF475D3F86A1AAE0A7480D /* MenuBarIconView.swift in Sources */,
				A7D8A58F1807B79317C2D11F /* MenuBarPopoverView.swift in Sources */,
				AD56F3C18ACCB8FA0143B256 /* MilestoneChecker.swift in Sources */,
				F9D9AF712516D642DABC075F /* MilestoneOverlayView.swift in Sources */,
				CDAEAD97C0F446637533737E /* ModelContainerFactory.swift in Sources */,
				E1A98E4C3C7E7DD697A8654E /* NotificationScheduler.swift in Sources */,
				7A985933897F092EEF9F4267 /* OnboardingView.swift in Sources */,
				724F2D32D470F8E4F7C910F6 /* PermissionsStepView.swift in Sources */,
				A882EF57396CD89AD78B2102 /* ScreenshotPickerView.swift in Sources */,
				A142C470C5F9CF61989643F1 /* SettingsView.swift in Sources */,
				FBA645D56CF212AA343319D8 /* SmartNotificationScheduler.swift in Sources */,
				D047CED94A215D1246338BB1 /* StatsCalculator.swift in Sources */,
				DEC1D84E8388783ACCA0F9B1 /* StatsView.swift in Sources */,
				9267FD8F09CFDF88B349E747 /* StreakCalculator.swift in Sources */,
				DA182BCAA8C933356889959A /* StreaksTabView.swift in Sources */,
				2BF031A66902A8670EDFCC2B /* SummaryTabView.swift in Sources */,
				2FB65D7279DF644C72404A60 /* TodayView.swift in Sources */,
				0F4B7B6EEFD66844A0734A3E /* WatchPayload.swift in Sources */,
				551A0A2E2D041679ACA4EB88 /* WelcomeStepView.swift in Sources */,
			);
			runOnlyForDeploymentPostprocessing = 0;
		};
		59C2A7E19CED7890B3A0403E /* Sources */ = {
			isa = PBXSourcesBuildPhase;
			buildActionMask = 2147483647;
			files = (
				DF1BB21651EE3228FDAFB7BC /* ChainTests.swift in Sources */,
				7EC3587796F6EAF14796AC3F /* CompanionEngineTests.swift in Sources */,
				4A2C44BA420DE21791E21035 /* HabitSchedulerTests.swift in Sources */,
				0E18E424E0F1BF18F83F726E /* KeychainHelperTests.swift in Sources */,
				824E1EBFAC7AC22417D8356F /* MCPConnectorTests.swift in Sources */,
				7851C9C5AC141AE57B4CC4CD /* ManualConnectorTests.swift in Sources */,
				4D06AEF1C12D3DB1B069188F /* MilestoneCheckerTests.swift in Sources */,
				A1B3BC4F9CBA41AAAADF1E27 /* StatsCalculatorTests.swift in Sources */,
				C800C9EED3482DC05ED8AD49 /* StreakCalculatorTests.swift in Sources */,
				911900E51656976106AB2581 /* WatchPayloadTests.swift in Sources */,
			);
			runOnlyForDeploymentPostprocessing = 0;
		};
		83371E2E34063B107234FD3D /* Sources */ = {
			isa = PBXSourcesBuildPhase;
			buildActionMask = 2147483647;
			files = (
				318F1AC8343C5602FF6F09A0 /* ChainTests.swift in Sources */,
				4FAF67E930FE2C400F090C8A /* CompanionEngineTests.swift in Sources */,
				6FDA8DD44BC684AD24B70FA3 /* HabitSchedulerTests.swift in Sources */,
				25EDC1BADD4EF1979121E048 /* KeychainHelperTests.swift in Sources */,
				A7EAC4F043A7651C976391E7 /* MCPConnectorTests.swift in Sources */,
				AB34549A84B4B776287E9047 /* ManualConnectorTests.swift in Sources */,
				143587BDD1EEAB5EAD9FD900 /* MilestoneCheckerTests.swift in Sources */,
				C037001423EF0A882CEB82C5 /* StatsCalculatorTests.swift in Sources */,
				C2E3E67A78CE5AAAAA347922 /* StreakCalculatorTests.swift in Sources */,
				383831BBAD052583A51677FC /* WatchPayloadTests.swift in Sources */,
			);
			runOnlyForDeploymentPostprocessing = 0;
		};
		8AFF03AC718B57783B277C49 /* Sources */ = {
			isa = PBXSourcesBuildPhase;
			buildActionMask = 2147483647;
			files = (
				2533CABDA298F34B65976C54 /* AddHabitView.swift in Sources */,
				81C470BF5719B792633766D7 /* CalendarTabView.swift in Sources */,
				6F499542D723E7054338FADD /* ChainApp.swift in Sources */,
				57A790F081512D0CD47AF95B /* Companion.swift in Sources */,
				5F91784D265F1386A4A098EB /* CompanionCardView.swift in Sources */,
				21223C14222E3F3EB74A403A /* CompanionEngine.swift in Sources */,
				DDEFD47D2B4E18942AFF5222 /* CompanionMenuBarView.swift in Sources */,
				0ABED3DC2803888027268FD6 /* CompanionSettingsView.swift in Sources */,
				4EC57F3363CDEEFDDE5E1187 /* ConnectorService.swift in Sources */,
				CFE54BD0306241C4B93A72FD /* ConnectorType.swift in Sources */,
				F9522A164EB3ED17D6428253 /* ContentView.swift in Sources */,
				9258CB5F900A4C549A213FA4 /* EntryStatus.swift in Sources */,
				6BDFA56EBA576F1D68A8C69F /* FirstHabitStepView.swift in Sources */,
				AFB3106052635DCF7D69E17F /* Frequency.swift in Sources */,
				42B14D32397F2F36F381D790 /* GoalConfig.swift in Sources */,
				0C49E84A1CF7A2248B8B2271 /* Habit.swift in Sources */,
				6D10D01AC2E4B1B7D66227FF /* HabitConnector.swift in Sources */,
				2172722A434DA9B47AC663B0 /* HabitEntry.swift in Sources */,
				B24A72073858D7B872E6286F /* HabitRowView.swift in Sources */,
				2966F1D7016AA10CA0C02B2A /* HabitScheduler.swift in Sources */,
				D19035DE2AE04567B7BF699F /* HabitVerifier.swift in Sources */,
				577614009C90BBA9EDCFF61A /* HabitsListView.swift in Sources */,
				CBD1E6BFA411417C656314E3 /* HealthKitConnector.swift in Sources */,
				9A76E1EBF386064AEB3D7D3B /* KeychainHelper.swift in Sources */,
				A618481ED7498063E9DA1CCA /* MCPConnector.swift in Sources */,
				415FCB6E3EB089DB166EEAFB /* ManualConnector.swift in Sources */,
				D544A2FB6149944A3BB52169 /* MenuBarHabitRowView.swift in Sources */,
				D8E15575B44A3217E6E96961 /* MenuBarIconView.swift in Sources */,
				9646B28EA2B48948CFBDE2D2 /* MenuBarPopoverView.swift in Sources */,
				DCA16F138DB5CE3A3CAA132B /* MilestoneChecker.swift in Sources */,
				AF78ADD5A57F0E6A33CA3D35 /* MilestoneOverlayView.swift in Sources */,
				4E3A039ED18F2BBF209699EC /* ModelContainerFactory.swift in Sources */,
				FAFC58AC57453805D3E71200 /* NotificationScheduler.swift in Sources */,
				A0B230ED70D57478F7A1044D /* OnboardingView.swift in Sources */,
				13C28A42C1D7621749F90A59 /* PermissionsStepView.swift in Sources */,
				09B4CAEF50322F3F8F9FF8DB /* ScreenshotPickerView.swift in Sources */,
				9F0CAA7EA4F7F97D64BF7312 /* SettingsView.swift in Sources */,
				BDFE89AAC9B638164543BEBC /* SmartNotificationScheduler.swift in Sources */,
				4745C368E6E40DCD64CF8835 /* StatsCalculator.swift in Sources */,
				F52ED1DF4017B03D853AA0ED /* StatsView.swift in Sources */,
				BE8372F3F63BB56CAAB2BA5F /* StreakCalculator.swift in Sources */,
				3FF0747D37AF0732F0E89777 /* StreaksTabView.swift in Sources */,
				D53ABC13A997F9D6E25C423A /* SummaryTabView.swift in Sources */,
				24784AB651DB520BAE6DDD31 /* TodayView.swift in Sources */,
				F033DF0D8E532CA7229604C5 /* WatchPayload.swift in Sources */,
				1FFB5FCC500C25B1243E978E /* WelcomeStepView.swift in Sources */,
			);
			runOnlyForDeploymentPostprocessing = 0;
		};
		AD1298A1AE6B13FD679D0A40 /* Sources */ = {
			isa = PBXSourcesBuildPhase;
			buildActionMask = 2147483647;
			files = (
				C0B009B2FB5BDEB1543B33D6 /* ChainWidgetBundle.swift in Sources */,
				480DFA904B90D3F8BFAF58E9 /* Companion.swift in Sources */,
				9F944FAE12FF9D9BC55C5136 /* CompanionEngine.swift in Sources */,
				E3E3E318C5C3149F7AD9A144 /* ConnectorType.swift in Sources */,
				BBC8062A2F67C2BBF6C50E86 /* EntryStatus.swift in Sources */,
				8312134125A0E7E8038E7038 /* Frequency.swift in Sources */,
				2D9306D20C92E40DF6C32D0D /* GoalConfig.swift in Sources */,
				A625ED478461A91B20071B25 /* Habit.swift in Sources */,
				FD6DA184BF07889762AA7D5F /* HabitEntry.swift in Sources */,
				81680FAE64D263B34C03F8ED /* HabitScheduler.swift in Sources */,
				4C704F1E728C66756EA7B654 /* LockScreenWidgetView.swift in Sources */,
				D4D160A2F7F922F8AC59E15E /* MediumWidgetView.swift in Sources */,
				81314A70333BAE667C12E7E0 /* MilestoneChecker.swift in Sources */,
				8E2A05C34CCEB1B17DBF999C /* ModelContainerFactory.swift in Sources */,
				21AB8210402B794A7EFC7C71 /* Provider.swift in Sources */,
				348F7DCF70430A56D5BDF314 /* SmallWidgetView.swift in Sources */,
				0C6718D5F727E0EBA5CCFC8E /* StatsCalculator.swift in Sources */,
				61A124E90C177228591B085A /* StreakCalculator.swift in Sources */,
				5AB658206FFD5DA52BEB083B /* VerifyHabitIntent.swift in Sources */,
				61A2C120566816FBD1C03FB1 /* WatchPayload.swift in Sources */,
				B9A531533F4EA7DBDF2B8924 /* WidgetEntry.swift in Sources */,
			);
			runOnlyForDeploymentPostprocessing = 0;
		};
		E6453B5F103777719B490AD1 /* Sources */ = {
			isa = PBXSourcesBuildPhase;
			buildActionMask = 2147483647;
			files = (
				66B63794D7FEC3F4D8E54122 /* Companion.swift in Sources */,
				D20980114788C03A77AC8CF2 /* CompanionEngine.swift in Sources */,
				387E1B71DCE76D5FB7F07310 /* ConnectorType.swift in Sources */,
				D9E3377BD2756EF01483AAD0 /* EntryStatus.swift in Sources */,
				71F768BE191F39A54E51CECE /* Frequency.swift in Sources */,
				BDBE9CED3CDB299BCDADB73E /* GoalConfig.swift in Sources */,
				30F7094F53CD61FCA5A9C5CF /* Habit.swift in Sources */,
				9F5F72EB9223B170CB2C3364 /* HabitEntry.swift in Sources */,
				8782F06B68B7DC4ADD18336D /* HabitScheduler.swift in Sources */,
				64CC2A1EB0956D56D3744951 /* MilestoneChecker.swift in Sources */,
				35F0D1D1D761FFC6843B7651 /* Placeholder.swift in Sources */,
				E842D7CB6443317375D5AE88 /* StatsCalculator.swift in Sources */,
				AA54FD60849F935629986CBF /* StreakCalculator.swift in Sources */,
				501026A7FB8F76DB3594E1E1 /* WatchPayload.swift in Sources */,
			);
			runOnlyForDeploymentPostprocessing = 0;
		};
/* End PBXSourcesBuildPhase section */

/* Begin PBXTargetDependency section */
		7780EC8A3CFA3C569F0C5275 /* PBXTargetDependency */ = {
			isa = PBXTargetDependency;
			target = 8AA9F1078558F95BB30AC948 /* ChainWidget */;
			targetProxy = 49AB9D97E13890993FAF1A43 /* PBXContainerItemProxy */;
		};
		CD628332BEDD5C93B495994E /* PBXTargetDependency */ = {
			isa = PBXTargetDependency;
			target = 2F03B27938223B3F5D161CEE /* Chain_iOS */;
			targetProxy = 64C8F6CE0C630037597D7712 /* PBXContainerItemProxy */;
		};
		D16D804D0A1364E6E071FE9C /* PBXTargetDependency */ = {
			isa = PBXTargetDependency;
			target = 33CD165723400929AE9A5CAD /* ChainWatchWidget */;
			targetProxy = A3C68CBBF5721F4FBB0AB932 /* PBXContainerItemProxy */;
		};
		F6932C78E3A665599CEDDCDB /* PBXTargetDependency */ = {
			isa = PBXTargetDependency;
			target = 98270F210CF5A3666A4FFC19 /* Chain_macOS */;
			targetProxy = C111F4755E09FF236AFCE555 /* PBXContainerItemProxy */;
		};
/* End PBXTargetDependency section */

/* Begin XCBuildConfiguration section */
		059CEF33BD1FCC8F5FC3B5FB /* Debug */ = {
			isa = XCBuildConfiguration;
			buildSettings = {
				ASSETCATALOG_COMPILER_APPICON_NAME = AppIcon;
				INFOPLIST_FILE = ChainWatch/Info.plist;
				PRODUCT_BUNDLE_IDENTIFIER = com.chain.Chain.watch;
				SDKROOT = watchos;
				SKIP_INSTALL = YES;
				SWIFT_VERSION = 5.9;
				TARGETED_DEVICE_FAMILY = 4;
			};
			name = Debug;
		};
		3015E89FE96886A3024C9FD9 /* Release */ = {
			isa = XCBuildConfiguration;
			buildSettings = {
				BUNDLE_LOADER = "$(TEST_HOST)";
				CODE_SIGNING_REQUIRED = NO;
				CODE_SIGN_IDENTITY = "-";
				COMBINE_HIDPI_IMAGES = YES;
				GENERATE_INFOPLIST_FILE = YES;
				LD_RUNPATH_SEARCH_PATHS = (
					"$(inherited)",
					"@executable_path/../Frameworks",
					"@loader_path/../Frameworks",
				);
				PRODUCT_BUNDLE_IDENTIFIER = com.chain.ChainTests;
				SDKROOT = macosx;
				SWIFT_VERSION = 5.9;
				TEST_HOST = "$(BUILT_PRODUCTS_DIR)/Chain.app/Contents/MacOS/Chain";
			};
			name = Release;
		};
		3C33D7523349CBF272AFF695 /* Release */ = {
			isa = XCBuildConfiguration;
			buildSettings = {
				INFOPLIST_FILE = ChainWatchWidget/Info.plist;
				LD_RUNPATH_SEARCH_PATHS = (
					"$(inherited)",
					"@executable_path/Frameworks",
					"@executable_path/../../Frameworks",
				);
				PRODUCT_BUNDLE_IDENTIFIER = com.chain.Chain.watch.widget;
				SDKROOT = watchos;
				SKIP_INSTALL = YES;
				SWIFT_VERSION = 5.9;
				TARGETED_DEVICE_FAMILY = 4;
			};
			name = Release;
		};
		3E9D9730DFF114F1678E2661 /* Release */ = {
			isa = XCBuildConfiguration;
			buildSettings = {
				ASSETCATALOG_COMPILER_APPICON_NAME = AppIcon;
				CODE_SIGN_ENTITLEMENTS = Chain/Chain.entitlements;
				CODE_SIGN_IDENTITY = "iPhone Developer";
				CODE_SIGN_STYLE = Automatic;
				DEVELOPMENT_TEAM = "";
				INFOPLIST_FILE = Chain/Info.plist;
				INFOPLIST_KEY_UIApplicationSceneManifest_Generation = YES;
				INFOPLIST_KEY_UILaunchScreen_Generation = YES;
				LD_RUNPATH_SEARCH_PATHS = (
					"$(inherited)",
					"@executable_path/Frameworks",
				);
				PRODUCT_BUNDLE_IDENTIFIER = "com.chain.Chain-iOS";
				PRODUCT_NAME = Chain;
				SDKROOT = iphoneos;
				SWIFT_VERSION = 5.9;
				TARGETED_DEVICE_FAMILY = "1,2";
			};
			name = Release;
		};
		424825FE1BF5EFCCDF318570 /* Debug */ = {
			isa = XCBuildConfiguration;
			buildSettings = {
				BUNDLE_LOADER = "$(TEST_HOST)";
				CODE_SIGNING_REQUIRED = NO;
				CODE_SIGN_IDENTITY = "-";
				GENERATE_INFOPLIST_FILE = YES;
				LD_RUNPATH_SEARCH_PATHS = (
					"$(inherited)",
					"@executable_path/Frameworks",
					"@loader_path/Frameworks",
				);
				PRODUCT_BUNDLE_IDENTIFIER = "com.chain.ChainTests-iOS-Runner";
				SDKROOT = iphoneos;
				SWIFT_VERSION = 5.9;
				TARGETED_DEVICE_FAMILY = "1,2";
				TEST_HOST = "$(BUILT_PRODUCTS_DIR)/Chain.app/Chain";
			};
			name = Debug;
		};
		4413FE84FD741DB223BD6DFB /* Debug */ = {
			isa = XCBuildConfiguration;
			buildSettings = {
				ASSETCATALOG_COMPILER_APPICON_NAME = AppIcon;
				CODE_SIGN_ENTITLEMENTS = Chain/Chain.entitlements;
				CODE_SIGN_STYLE = Automatic;
				COMBINE_HIDPI_IMAGES = YES;
				DEVELOPMENT_TEAM = "";
				INFOPLIST_FILE = Chain/Info.plist;
				INFOPLIST_KEY_UIApplicationSceneManifest_Generation = YES;
				INFOPLIST_KEY_UILaunchScreen_Generation = YES;
				LD_RUNPATH_SEARCH_PATHS = (
					"$(inherited)",
					"@executable_path/../Frameworks",
				);
				PRODUCT_BUNDLE_IDENTIFIER = "com.chain.Chain-macOS";
				PRODUCT_NAME = Chain;
				SDKROOT = macosx;
				SWIFT_VERSION = 5.9;
			};
			name = Debug;
		};
		4E86F891CCD9BB0C33EE1F33 /* Debug */ = {
			isa = XCBuildConfiguration;
			buildSettings = {
				CODE_SIGN_ENTITLEMENTS = ChainWidget/ChainWidget.entitlements;
				INFOPLIST_FILE = ChainWidget/Info.plist;
				LD_RUNPATH_SEARCH_PATHS = (
					"$(inherited)",
					"@executable_path/Frameworks",
					"@executable_path/../../Frameworks",
				);
				PRODUCT_BUNDLE_IDENTIFIER = com.chain.Chain.widget;
				SDKROOT = iphoneos;
				SWIFT_VERSION = 5.9;
				TARGETED_DEVICE_FAMILY = "1,2";
			};
			name = Debug;
		};
		788A432207EA5B56DAC66DC5 /* Release */ = {
			isa = XCBuildConfiguration;
			buildSettings = {
				CODE_SIGN_ENTITLEMENTS = ChainWidget/ChainWidget.entitlements;
				INFOPLIST_FILE = ChainWidget/Info.plist;
				LD_RUNPATH_SEARCH_PATHS = (
					"$(inherited)",
					"@executable_path/Frameworks",
					"@executable_path/../../Frameworks",
				);
				PRODUCT_BUNDLE_IDENTIFIER = com.chain.Chain.widget;
				SDKROOT = iphoneos;
				SWIFT_VERSION = 5.9;
				TARGETED_DEVICE_FAMILY = "1,2";
			};
			name = Release;
		};
		7A2136DEEDDEB4625536A487 /* Release */ = {
			isa = XCBuildConfiguration;
			buildSettings = {
				ASSETCATALOG_COMPILER_APPICON_NAME = AppIcon;
				CODE_SIGN_ENTITLEMENTS = Chain/Chain.entitlements;
				CODE_SIGN_STYLE = Automatic;
				COMBINE_HIDPI_IMAGES = YES;
				DEVELOPMENT_TEAM = "";
				INFOPLIST_FILE = Chain/Info.plist;
				INFOPLIST_KEY_UIApplicationSceneManifest_Generation = YES;
				INFOPLIST_KEY_UILaunchScreen_Generation = YES;
				LD_RUNPATH_SEARCH_PATHS = (
					"$(inherited)",
					"@executable_path/../Frameworks",
				);
				PRODUCT_BUNDLE_IDENTIFIER = "com.chain.Chain-macOS";
				PRODUCT_NAME = Chain;
				SDKROOT = macosx;
				SWIFT_VERSION = 5.9;
			};
			name = Release;
		};
		82043AB308A4A8ECD0520114 /* Release */ = {
			isa = XCBuildConfiguration;
			buildSettings = {
				ALWAYS_SEARCH_USER_PATHS = NO;
				CLANG_ANALYZER_NONNULL = YES;
				CLANG_ANALYZER_NUMBER_OBJECT_CONVERSION = YES_AGGRESSIVE;
				CLANG_CXX_LANGUAGE_STANDARD = "gnu++14";
				CLANG_CXX_LIBRARY = "libc++";
				CLANG_ENABLE_MODULES = YES;
				CLANG_ENABLE_OBJC_ARC = YES;
				CLANG_ENABLE_OBJC_WEAK = YES;
				CLANG_WARN_BLOCK_CAPTURE_AUTORELEASING = YES;
				CLANG_WARN_BOOL_CONVERSION = YES;
				CLANG_WARN_COMMA = YES;
				CLANG_WARN_CONSTANT_CONVERSION = YES;
				CLANG_WARN_DEPRECATED_OBJC_IMPLEMENTATIONS = YES;
				CLANG_WARN_DIRECT_OBJC_ISA_USAGE = YES_ERROR;
				CLANG_WARN_DOCUMENTATION_COMMENTS = YES;
				CLANG_WARN_EMPTY_BODY = YES;
				CLANG_WARN_ENUM_CONVERSION = YES;
				CLANG_WARN_INFINITE_RECURSION = YES;
				CLANG_WARN_INT_CONVERSION = YES;
				CLANG_WARN_NON_LITERAL_NULL_CONVERSION = YES;
				CLANG_WARN_OBJC_IMPLICIT_RETAIN_SELF = YES;
				CLANG_WARN_OBJC_LITERAL_CONVERSION = YES;
				CLANG_WARN_OBJC_ROOT_CLASS = YES_ERROR;
				CLANG_WARN_QUOTED_INCLUDE_IN_FRAMEWORK_HEADER = YES;
				CLANG_WARN_RANGE_LOOP_ANALYSIS = YES;
				CLANG_WARN_STRICT_PROTOTYPES = YES;
				CLANG_WARN_SUSPICIOUS_MOVE = YES;
				CLANG_WARN_UNGUARDED_AVAILABILITY = YES_AGGRESSIVE;
				CLANG_WARN_UNREACHABLE_CODE = YES;
				CLANG_WARN__DUPLICATE_METHOD_MATCH = YES;
				COPY_PHASE_STRIP = NO;
				DEBUG_INFORMATION_FORMAT = "dwarf-with-dsym";
				ENABLE_NS_ASSERTIONS = NO;
				ENABLE_STRICT_OBJC_MSGSEND = YES;
				GCC_C_LANGUAGE_STANDARD = gnu11;
				GCC_NO_COMMON_BLOCKS = YES;
				GCC_WARN_64_TO_32_BIT_CONVERSION = YES;
				GCC_WARN_ABOUT_RETURN_TYPE = YES_ERROR;
				GCC_WARN_UNDECLARED_SELECTOR = YES;
				GCC_WARN_UNINITIALIZED_AUTOS = YES_AGGRESSIVE;
				GCC_WARN_UNUSED_FUNCTION = YES;
				GCC_WARN_UNUSED_VARIABLE = YES;
				IPHONEOS_DEPLOYMENT_TARGET = 18.0;
				MACOSX_DEPLOYMENT_TARGET = 14.0;
				MTL_ENABLE_DEBUG_INFO = NO;
				MTL_FAST_MATH = YES;
				PRODUCT_NAME = "$(TARGET_NAME)";
				SWIFT_COMPILATION_MODE = wholemodule;
				SWIFT_OPTIMIZATION_LEVEL = "-O";
				SWIFT_VERSION = 5.0;
				WATCHOS_DEPLOYMENT_TARGET = 11.0;
			};
			name = Release;
		};
		89874B116DE147928D4480C0 /* Debug */ = {
			isa = XCBuildConfiguration;
			buildSettings = {
				ALWAYS_SEARCH_USER_PATHS = NO;
				CLANG_ANALYZER_NONNULL = YES;
				CLANG_ANALYZER_NUMBER_OBJECT_CONVERSION = YES_AGGRESSIVE;
				CLANG_CXX_LANGUAGE_STANDARD = "gnu++14";
				CLANG_CXX_LIBRARY = "libc++";
				CLANG_ENABLE_MODULES = YES;
				CLANG_ENABLE_OBJC_ARC = YES;
				CLANG_ENABLE_OBJC_WEAK = YES;
				CLANG_WARN_BLOCK_CAPTURE_AUTORELEASING = YES;
				CLANG_WARN_BOOL_CONVERSION = YES;
				CLANG_WARN_COMMA = YES;
				CLANG_WARN_CONSTANT_CONVERSION = YES;
				CLANG_WARN_DEPRECATED_OBJC_IMPLEMENTATIONS = YES;
				CLANG_WARN_DIRECT_OBJC_ISA_USAGE = YES_ERROR;
				CLANG_WARN_DOCUMENTATION_COMMENTS = YES;
				CLANG_WARN_EMPTY_BODY = YES;
				CLANG_WARN_ENUM_CONVERSION = YES;
				CLANG_WARN_INFINITE_RECURSION = YES;
				CLANG_WARN_INT_CONVERSION = YES;
				CLANG_WARN_NON_LITERAL_NULL_CONVERSION = YES;
				CLANG_WARN_OBJC_IMPLICIT_RETAIN_SELF = YES;
				CLANG_WARN_OBJC_LITERAL_CONVERSION = YES;
				CLANG_WARN_OBJC_ROOT_CLASS = YES_ERROR;
				CLANG_WARN_QUOTED_INCLUDE_IN_FRAMEWORK_HEADER = YES;
				CLANG_WARN_RANGE_LOOP_ANALYSIS = YES;
				CLANG_WARN_STRICT_PROTOTYPES = YES;
				CLANG_WARN_SUSPICIOUS_MOVE = YES;
				CLANG_WARN_UNGUARDED_AVAILABILITY = YES_AGGRESSIVE;
				CLANG_WARN_UNREACHABLE_CODE = YES;
				CLANG_WARN__DUPLICATE_METHOD_MATCH = YES;
				COPY_PHASE_STRIP = NO;
				DEBUG_INFORMATION_FORMAT = dwarf;
				ENABLE_STRICT_OBJC_MSGSEND = YES;
				ENABLE_TESTABILITY = YES;
				GCC_C_LANGUAGE_STANDARD = gnu11;
				GCC_DYNAMIC_NO_PIC = NO;
				GCC_NO_COMMON_BLOCKS = YES;
				GCC_OPTIMIZATION_LEVEL = 0;
				GCC_PREPROCESSOR_DEFINITIONS = (
					"$(inherited)",
					"DEBUG=1",
				);
				GCC_WARN_64_TO_32_BIT_CONVERSION = YES;
				GCC_WARN_ABOUT_RETURN_TYPE = YES_ERROR;
				GCC_WARN_UNDECLARED_SELECTOR = YES;
				GCC_WARN_UNINITIALIZED_AUTOS = YES_AGGRESSIVE;
				GCC_WARN_UNUSED_FUNCTION = YES;
				GCC_WARN_UNUSED_VARIABLE = YES;
				IPHONEOS_DEPLOYMENT_TARGET = 18.0;
				MACOSX_DEPLOYMENT_TARGET = 14.0;
				MTL_ENABLE_DEBUG_INFO = INCLUDE_SOURCE;
				MTL_FAST_MATH = YES;
				ONLY_ACTIVE_ARCH = YES;
				PRODUCT_NAME = "$(TARGET_NAME)";
				SWIFT_ACTIVE_COMPILATION_CONDITIONS = DEBUG;
				SWIFT_OPTIMIZATION_LEVEL = "-Onone";
				SWIFT_VERSION = 5.0;
				WATCHOS_DEPLOYMENT_TARGET = 11.0;
			};
			name = Debug;
		};
		8CC9F6BE5C792AED350CBE31 /* Debug */ = {
			isa = XCBuildConfiguration;
			buildSettings = {
				ASSETCATALOG_COMPILER_APPICON_NAME = AppIcon;
				CODE_SIGN_ENTITLEMENTS = Chain/Chain.entitlements;
				CODE_SIGN_IDENTITY = "iPhone Developer";
				CODE_SIGN_STYLE = Automatic;
				DEVELOPMENT_TEAM = "";
				INFOPLIST_FILE = Chain/Info.plist;
				INFOPLIST_KEY_UIApplicationSceneManifest_Generation = YES;
				INFOPLIST_KEY_UILaunchScreen_Generation = YES;
				LD_RUNPATH_SEARCH_PATHS = (
					"$(inherited)",
					"@executable_path/Frameworks",
				);
				PRODUCT_BUNDLE_IDENTIFIER = "com.chain.Chain-iOS";
				PRODUCT_NAME = Chain;
				SDKROOT = iphoneos;
				SWIFT_VERSION = 5.9;
				TARGETED_DEVICE_FAMILY = "1,2";
			};
			name = Debug;
		};
		B1B5211A24D984386445E337 /* Release */ = {
			isa = XCBuildConfiguration;
			buildSettings = {
				ASSETCATALOG_COMPILER_APPICON_NAME = AppIcon;
				INFOPLIST_FILE = ChainWatch/Info.plist;
				PRODUCT_BUNDLE_IDENTIFIER = com.chain.Chain.watch;
				SDKROOT = watchos;
				SKIP_INSTALL = YES;
				SWIFT_VERSION = 5.9;
				TARGETED_DEVICE_FAMILY = 4;
			};
			name = Release;
		};
		CAC4259D3B966782F30F7D71 /* Release */ = {
			isa = XCBuildConfiguration;
			buildSettings = {
				BUNDLE_LOADER = "$(TEST_HOST)";
				CODE_SIGNING_REQUIRED = NO;
				CODE_SIGN_IDENTITY = "-";
				GENERATE_INFOPLIST_FILE = YES;
				LD_RUNPATH_SEARCH_PATHS = (
					"$(inherited)",
					"@executable_path/Frameworks",
					"@loader_path/Frameworks",
				);
				PRODUCT_BUNDLE_IDENTIFIER = "com.chain.ChainTests-iOS-Runner";
				SDKROOT = iphoneos;
				SWIFT_VERSION = 5.9;
				TARGETED_DEVICE_FAMILY = "1,2";
				TEST_HOST = "$(BUILT_PRODUCTS_DIR)/Chain.app/Chain";
			};
			name = Release;
		};
		D7E398F0C76FCA54E18502D2 /* Debug */ = {
			isa = XCBuildConfiguration;
			buildSettings = {
				INFOPLIST_FILE = ChainWatchWidget/Info.plist;
				LD_RUNPATH_SEARCH_PATHS = (
					"$(inherited)",
					"@executable_path/Frameworks",
					"@executable_path/../../Frameworks",
				);
				PRODUCT_BUNDLE_IDENTIFIER = com.chain.Chain.watch.widget;
				SDKROOT = watchos;
				SKIP_INSTALL = YES;
				SWIFT_VERSION = 5.9;
				TARGETED_DEVICE_FAMILY = 4;
			};
			name = Debug;
		};
		F1CDFD5BAD3BF229479DDA51 /* Debug */ = {
			isa = XCBuildConfiguration;
			buildSettings = {
				BUNDLE_LOADER = "$(TEST_HOST)";
				CODE_SIGNING_REQUIRED = NO;
				CODE_SIGN_IDENTITY = "-";
				COMBINE_HIDPI_IMAGES = YES;
				GENERATE_INFOPLIST_FILE = YES;
				LD_RUNPATH_SEARCH_PATHS = (
					"$(inherited)",
					"@executable_path/../Frameworks",
					"@loader_path/../Frameworks",
				);
				PRODUCT_BUNDLE_IDENTIFIER = com.chain.ChainTests;
				SDKROOT = macosx;
				SWIFT_VERSION = 5.9;
				TEST_HOST = "$(BUILT_PRODUCTS_DIR)/Chain.app/Contents/MacOS/Chain";
			};
			name = Debug;
		};
/* End XCBuildConfiguration section */

/* Begin XCConfigurationList section */
		16FBB52BD5D2B18D672A5C13 /* Build configuration list for PBXNativeTarget "Chain_macOS" */ = {
			isa = XCConfigurationList;
			buildConfigurations = (
				4413FE84FD741DB223BD6DFB /* Debug */,
				7A2136DEEDDEB4625536A487 /* Release */,
			);
			defaultConfigurationIsVisible = 0;
			defaultConfigurationName = Debug;
		};
		1F74FB8BD6EF7DE16D994F16 /* Build configuration list for PBXProject "Chain" */ = {
			isa = XCConfigurationList;
			buildConfigurations = (
				89874B116DE147928D4480C0 /* Debug */,
				82043AB308A4A8ECD0520114 /* Release */,
			);
			defaultConfigurationIsVisible = 0;
			defaultConfigurationName = Debug;
		};
		37CD340410FF9A69E42B229A /* Build configuration list for PBXNativeTarget "ChainTests" */ = {
			isa = XCConfigurationList;
			buildConfigurations = (
				F1CDFD5BAD3BF229479DDA51 /* Debug */,
				3015E89FE96886A3024C9FD9 /* Release */,
			);
			defaultConfigurationIsVisible = 0;
			defaultConfigurationName = Debug;
		};
		4E3E905F510913CC4F15E7E4 /* Build configuration list for PBXNativeTarget "ChainTests_iOS_Runner" */ = {
			isa = XCConfigurationList;
			buildConfigurations = (
				424825FE1BF5EFCCDF318570 /* Debug */,
				CAC4259D3B966782F30F7D71 /* Release */,
			);
			defaultConfigurationIsVisible = 0;
			defaultConfigurationName = Debug;
		};
		6AF127CE050861AB11FC3855 /* Build configuration list for PBXNativeTarget "ChainWatchWidget" */ = {
			isa = XCConfigurationList;
			buildConfigurations = (
				D7E398F0C76FCA54E18502D2 /* Debug */,
				3C33D7523349CBF272AFF695 /* Release */,
			);
			defaultConfigurationIsVisible = 0;
			defaultConfigurationName = Debug;
		};
		875F16AA28E2F28DE996B8F0 /* Build configuration list for PBXNativeTarget "ChainWidget" */ = {
			isa = XCConfigurationList;
			buildConfigurations = (
				4E86F891CCD9BB0C33EE1F33 /* Debug */,
				788A432207EA5B56DAC66DC5 /* Release */,
			);
			defaultConfigurationIsVisible = 0;
			defaultConfigurationName = Debug;
		};
		A68403FBACF77EE31865FE5B /* Build configuration list for PBXNativeTarget "ChainWatch" */ = {
			isa = XCConfigurationList;
			buildConfigurations = (
				059CEF33BD1FCC8F5FC3B5FB /* Debug */,
				B1B5211A24D984386445E337 /* Release */,
			);
			defaultConfigurationIsVisible = 0;
			defaultConfigurationName = Debug;
		};
		F384AFC7EB386121BB9BCA5F /* Build configuration list for PBXNativeTarget "Chain_iOS" */ = {
			isa = XCConfigurationList;
			buildConfigurations = (
				8CC9F6BE5C792AED350CBE31 /* Debug */,
				3E9D9730DFF114F1678E2661 /* Release */,
			);
			defaultConfigurationIsVisible = 0;
			defaultConfigurationName = Debug;
		};
/* End XCConfigurationList section */
	};
	rootObject = F2529367372772A2D2DEC3E6 /* Project object */;
}
